// !$*UTF8*$!
{
	archiveVersion = 1;
	classes = {
	};
	objectVersion = 52;
	objects = {

/* Begin PBXBuildFile section */
		27313E4C250ACD0F009876FA /* AirQualityBackend.swift in Sources */ = {isa = PBXBuildFile; fileRef = 27313E4B250ACD0F009876FA /* AirQualityBackend.swift */; };
		279FE6F825213216004AC147 /* PhoneBackend.swift in Sources */ = {isa = PBXBuildFile; fileRef = 279FE6F725213216004AC147 /* PhoneBackend.swift */; };
		279FE6FE25214AAE004AC147 /* PhoneView.swift in Sources */ = {isa = PBXBuildFile; fileRef = 279FE6FD25214AAE004AC147 /* PhoneView.swift */; };
		27BB5F9225098DFD0071F3FF /* AirQuality.swift in Sources */ = {isa = PBXBuildFile; fileRef = 27BB5F9125098DFD0071F3FF /* AirQuality.swift */; };
		6D2DE04B2555F3B100D07038 /* MoreButton.swift in Sources */ = {isa = PBXBuildFile; fileRef = 6D2DE04A2555F3B100D07038 /* MoreButton.swift */; };
		6D2DE04F2555F56200D07038 /* Caption.swift in Sources */ = {isa = PBXBuildFile; fileRef = 6D2DE04E2555F56200D07038 /* Caption.swift */; };
		6D2DE0532555F70800D07038 /* HorizontalButton.swift in Sources */ = {isa = PBXBuildFile; fileRef = 6D2DE0522555F70800D07038 /* HorizontalButton.swift */; };
		6D2DE0582555FD4800D07038 /* GenericButton.swift in Sources */ = {isa = PBXBuildFile; fileRef = 6D2DE0572555FD4800D07038 /* GenericButton.swift */; };
		6D3602472550ED910054B3A9 /* NoticeCardiPad.swift in Sources */ = {isa = PBXBuildFile; fileRef = 6D3602462550ED910054B3A9 /* NoticeCardiPad.swift */; };
		6D36024E2550EDCF0054B3A9 /* MiniFireCardiPad.swift in Sources */ = {isa = PBXBuildFile; fileRef = 6D36024D2550EDCF0054B3A9 /* MiniFireCardiPad.swift */; };
		6D3602542550EE100054B3A9 /* MapFireCardiPad.swift in Sources */ = {isa = PBXBuildFile; fileRef = 6D3602532550EE100054B3A9 /* MapFireCardiPad.swift */; };
		6D36025A2550EE4C0054B3A9 /* AQCardiPad.swift in Sources */ = {isa = PBXBuildFile; fileRef = 6D3602592550EE4C0054B3A9 /* AQCardiPad.swift */; };
		6D3602602550EEA80054B3A9 /* AQMeteriPad.swift in Sources */ = {isa = PBXBuildFile; fileRef = 6D36025F2550EEA80054B3A9 /* AQMeteriPad.swift */; };
		6D3602662550EED40054B3A9 /* HorizontalCardRedactediPad.swift in Sources */ = {isa = PBXBuildFile; fileRef = 6D3602652550EED40054B3A9 /* HorizontalCardRedactediPad.swift */; };
		6D36026C2550EEFF0054B3A9 /* NewsCardRedactediPad.swift in Sources */ = {isa = PBXBuildFile; fileRef = 6D36026B2550EEFF0054B3A9 /* NewsCardRedactediPad.swift */; };
		6D3602722550EF260054B3A9 /* SearchViewiPad.swift in Sources */ = {isa = PBXBuildFile; fileRef = 6D3602712550EF260054B3A9 /* SearchViewiPad.swift */; };
		6D3602782550EF570054B3A9 /* FireMapViewiPad.swift in Sources */ = {isa = PBXBuildFile; fileRef = 6D3602772550EF570054B3A9 /* FireMapViewiPad.swift */; };
		6D36027E2550EF930054B3A9 /* FullFireMapViewiPad.swift in Sources */ = {isa = PBXBuildFile; fileRef = 6D36027D2550EF930054B3A9 /* FullFireMapViewiPad.swift */; };
		6D3602842550EFD60054B3A9 /* FullFireMapModalViewiPad.swift in Sources */ = {isa = PBXBuildFile; fileRef = 6D3602832550EFD60054B3A9 /* FullFireMapModalViewiPad.swift */; };
		6D36028A2550EFFD0054B3A9 /* HorizontalCardiPad.swift in Sources */ = {isa = PBXBuildFile; fileRef = 6D3602892550EFFD0054B3A9 /* HorizontalCardiPad.swift */; };
		6D3602902550F0180054B3A9 /* NewsViewiPad.swift in Sources */ = {isa = PBXBuildFile; fileRef = 6D36028F2550F0180054B3A9 /* NewsViewiPad.swift */; };
		6D3602962550F0390054B3A9 /* AQViewiPad.swift in Sources */ = {isa = PBXBuildFile; fileRef = 6D3602952550F0390054B3A9 /* AQViewiPad.swift */; };
		6D36029E2550F0A60054B3A9 /* SplashScreeniPad.swift in Sources */ = {isa = PBXBuildFile; fileRef = 6D36029D2550F0A60054B3A9 /* SplashScreeniPad.swift */; };
		6D38E8A5253B782F009096C9 /* UpdateLog.swift in Sources */ = {isa = PBXBuildFile; fileRef = 6D38E8A4253B782F009096C9 /* UpdateLog.swift */; };
		6D4A43B52552360D0066884D /* MonitoringListView.swift in Sources */ = {isa = PBXBuildFile; fileRef = 6D4A43B42552360D0066884D /* MonitoringListView.swift */; };
		6D4A43C6255239800066884D /* MonitoringListViewiPad.swift in Sources */ = {isa = PBXBuildFile; fileRef = 6D4A43C5255239800066884D /* MonitoringListViewiPad.swift */; };
		6D58B33B26B4F90C00311CF3 /* Blur.swift in Sources */ = {isa = PBXBuildFile; fileRef = 6D58B33A26B4F90C00311CF3 /* Blur.swift */; };
		6D6362C525534C38005A18A8 /* LongButton.swift in Sources */ = {isa = PBXBuildFile; fileRef = 6D6362C425534C38005A18A8 /* LongButton.swift */; };
		6D6362D325534E59005A18A8 /* RoundedButton.swift in Sources */ = {isa = PBXBuildFile; fileRef = 6D6362D225534E59005A18A8 /* RoundedButton.swift */; };
		6D6859D3254758F500060BB8 /* NoticeCard.swift in Sources */ = {isa = PBXBuildFile; fileRef = 6D6859D2254758F500060BB8 /* NoticeCard.swift */; };
		6D7405D32509C85000F45BB2 /* AQMeter.swift in Sources */ = {isa = PBXBuildFile; fileRef = 6D7405D22509C85000F45BB2 /* AQMeter.swift */; };
		6D7405D62509CA1200F45BB2 /* AQView.swift in Sources */ = {isa = PBXBuildFile; fileRef = 6D7405D52509CA1200F45BB2 /* AQView.swift */; };
		6D77EB3B26CF53CA0057BB0E /* Hero.swift in Sources */ = {isa = PBXBuildFile; fileRef = 6D77EB3A26CF53CA0057BB0E /* Hero.swift */; };
		6DA2FF302506AF6400C86F0C /* SettingsView.swift in Sources */ = {isa = PBXBuildFile; fileRef = 6DA2FF2F2506AF6400C86F0C /* SettingsView.swift */; };
		6DA2FF322506B00400C86F0C /* UnitsCard.swift in Sources */ = {isa = PBXBuildFile; fileRef = 6DA2FF312506B00400C86F0C /* UnitsCard.swift */; };
		6DA2FF362506B55E00C86F0C /* SettingsCards.swift in Sources */ = {isa = PBXBuildFile; fileRef = 6DA2FF352506B55E00C86F0C /* SettingsCards.swift */; };
		6DB9503C2551E49E009509D7 /* SettingsViewiPad.swift in Sources */ = {isa = PBXBuildFile; fileRef = 6DB9503B2551E49E009509D7 /* SettingsViewiPad.swift */; };
		6DBAD72525098F2700E2BCA9 /* AQCard.swift in Sources */ = {isa = PBXBuildFile; fileRef = 6DBAD72425098F2700E2BCA9 /* AQCard.swift */; };
		6DC18D072548ABA9001B1F49 /* FullFireMapView.swift in Sources */ = {isa = PBXBuildFile; fileRef = E97E26D8250813B300B939F3 /* FullFireMapView.swift */; };
		6DE79D252558B82E008397E9 /* RectButton.swift in Sources */ = {isa = PBXBuildFile; fileRef = 6DE79D242558B82E008397E9 /* RectButton.swift */; };
		6DE79D282558BADE008397E9 /* VerticalButton.swift in Sources */ = {isa = PBXBuildFile; fileRef = 6DE79D272558BADE008397E9 /* VerticalButton.swift */; };
		6DF6590C2510684100D47118 /* DataView.swift in Sources */ = {isa = PBXBuildFile; fileRef = 6DF6590B2510684100D47118 /* DataView.swift */; };
		6DF73D7B2502A3A90051E4A2 /* MapFireCard.swift in Sources */ = {isa = PBXBuildFile; fileRef = 6DF73D7A2502A3A90051E4A2 /* MapFireCard.swift */; };
		6DF73D7D2502ACC00051E4A2 /* WordCard.swift in Sources */ = {isa = PBXBuildFile; fileRef = 6DF73D7C2502ACC00051E4A2 /* WordCard.swift */; };
		6DF73D7F2502AEAD0051E4A2 /* Header.swift in Sources */ = {isa = PBXBuildFile; fileRef = 6DF73D7E2502AEAD0051E4A2 /* Header.swift */; };
		E903803D2518749C0043DC53 /* StatusBarBackground.swift in Sources */ = {isa = PBXBuildFile; fileRef = E903803C2518749C0043DC53 /* StatusBarBackground.swift */; };
		E9073CA525214AB200FE43C2 /* HorizontalCard.swift in Sources */ = {isa = PBXBuildFile; fileRef = E9073CA425214AB200FE43C2 /* HorizontalCard.swift */; };
		E9073CAC2529096600FE43C2 /* Check.swift in Sources */ = {isa = PBXBuildFile; fileRef = E9073CAB2529096600FE43C2 /* Check.swift */; };
		E90CE1B12538F93C00217B94 /* BetterSafariView in Frameworks */ = {isa = PBXBuildFile; productRef = E90CE1B02538F93C00217B94 /* BetterSafariView */; };
		E941692925046E8D00DEFCB2 /* GlossaryTerms.swift in Sources */ = {isa = PBXBuildFile; fileRef = E941692825046E8D00DEFCB2 /* GlossaryTerms.swift */; };
		E941692D2504B2D800DEFCB2 /* CreditsView.swift in Sources */ = {isa = PBXBuildFile; fileRef = E941692C2504B2D800DEFCB2 /* CreditsView.swift */; };
		E9458A01254E27F20067BFE8 /* Fuzi in Frameworks */ = {isa = PBXBuildFile; productRef = E9458A00254E27F20067BFE8 /* Fuzi */; };
		E949CFA82517016F00AD467B /* LocationManager.swift in Sources */ = {isa = PBXBuildFile; fileRef = E949CFA72517016F00AD467B /* LocationManager.swift */; };
		E94C30C025075FF20019E1E4 /* SubHeader.swift in Sources */ = {isa = PBXBuildFile; fileRef = E94C30BF25075FF20019E1E4 /* SubHeader.swift */; };
		E96D2885252EF3CF0002DBB4 /* SwiftUIListSeparator in Frameworks */ = {isa = PBXBuildFile; productRef = E96D2884252EF3CF0002DBB4 /* SwiftUIListSeparator */; };
		E97E26DB25082B3800B939F3 /* FullInformationView.swift in Sources */ = {isa = PBXBuildFile; fileRef = E97E26DA25082B3800B939F3 /* FullInformationView.swift */; };
		E97E26DE250837FD00B939F3 /* SearchUIKit.swift in Sources */ = {isa = PBXBuildFile; fileRef = E97E26DD250837FD00B939F3 /* SearchUIKit.swift */; };
		E97E26E02508444B00B939F3 /* WebModal.swift in Sources */ = {isa = PBXBuildFile; fileRef = E97E26DF2508444B00B939F3 /* WebModal.swift */; };
		E97E26E225084ABF00B939F3 /* SplashScreen.swift in Sources */ = {isa = PBXBuildFile; fileRef = E97E26E125084ABF00B939F3 /* SplashScreen.swift */; };
		E97FA5FB2554FFC2009754AA /* FlexibleFireInfo.swift in Sources */ = {isa = PBXBuildFile; fileRef = E97FA5FA2554FFC2009754AA /* FlexibleFireInfo.swift */; };
		E985F5362503752000A3BA83 /* FormButtons.swift in Sources */ = {isa = PBXBuildFile; fileRef = E985F5352503752000A3BA83 /* FormButtons.swift */; };
		E985F5392503781E00A3BA83 /* GlossaryView.swift in Sources */ = {isa = PBXBuildFile; fileRef = E985F5382503781E00A3BA83 /* GlossaryView.swift */; };
		E9AAFC0D2551148E00BE1E45 /* FiresViewiPad.swift in Sources */ = {isa = PBXBuildFile; fileRef = E9AAFC0C2551148E00BE1E45 /* FiresViewiPad.swift */; };
		E9ABC4392532C3F200E2DE49 /* PhoneInfoView.swift in Sources */ = {isa = PBXBuildFile; fileRef = E9ABC4382532C3F200E2DE49 /* PhoneInfoView.swift */; };
		E9AF015524FDB8DD0058C184 /* AppDelegate.swift in Sources */ = {isa = PBXBuildFile; fileRef = E9AF015424FDB8DD0058C184 /* AppDelegate.swift */; };
		E9AF015724FDB8DD0058C184 /* SceneDelegate.swift in Sources */ = {isa = PBXBuildFile; fileRef = E9AF015624FDB8DD0058C184 /* SceneDelegate.swift */; };
		E9AF015924FDB8DD0058C184 /* ContentView.swift in Sources */ = {isa = PBXBuildFile; fileRef = E9AF015824FDB8DD0058C184 /* ContentView.swift */; };
		E9AF015B24FDB8DE0058C184 /* Assets.xcassets in Resources */ = {isa = PBXBuildFile; fileRef = E9AF015A24FDB8DE0058C184 /* Assets.xcassets */; };
		E9AF015E24FDB8DE0058C184 /* Preview Assets.xcassets in Resources */ = {isa = PBXBuildFile; fileRef = E9AF015D24FDB8DE0058C184 /* Preview Assets.xcassets */; };
		E9AF016124FDB8DE0058C184 /* LaunchScreen.storyboard in Resources */ = {isa = PBXBuildFile; fileRef = E9AF015F24FDB8DE0058C184 /* LaunchScreen.storyboard */; };
		E9AF016A24FDBBEB0058C184 /* FiresView.swift in Sources */ = {isa = PBXBuildFile; fileRef = E9AF016924FDBBEB0058C184 /* FiresView.swift */; };
		E9AF016C24FDBBF80058C184 /* SearchView.swift in Sources */ = {isa = PBXBuildFile; fileRef = E9AF016B24FDBBF80058C184 /* SearchView.swift */; };
		E9AF016E24FDBC090058C184 /* NewsView.swift in Sources */ = {isa = PBXBuildFile; fileRef = E9AF016D24FDBC090058C184 /* NewsView.swift */; };
		E9AF017124FDBC290058C184 /* NewsBackend.swift in Sources */ = {isa = PBXBuildFile; fileRef = E9AF017024FDBC290058C184 /* NewsBackend.swift */; };
		E9AF017424FDBC870058C184 /* News.swift in Sources */ = {isa = PBXBuildFile; fileRef = E9AF017324FDBC870058C184 /* News.swift */; };
		E9AF017724FDBEBC0058C184 /* ModalView in Frameworks */ = {isa = PBXBuildFile; productRef = E9AF017624FDBEBC0058C184 /* ModalView */; };
		E9AF017F24FDC19D0058C184 /* URLImage in Frameworks */ = {isa = PBXBuildFile; productRef = E9AF017E24FDC19D0058C184 /* URLImage */; };
		E9AF018424FDC3800058C184 /* NewsCard.swift in Sources */ = {isa = PBXBuildFile; fileRef = E9AF018324FDC3800058C184 /* NewsCard.swift */; };
		E9AF019224FDE5EF0058C184 /* CloseModalButton.swift in Sources */ = {isa = PBXBuildFile; fileRef = E9AF019124FDE5EF0058C184 /* CloseModalButton.swift */; };
		E9AF019524FDEC700058C184 /* FeedKit in Frameworks */ = {isa = PBXBuildFile; productRef = E9AF019424FDEC700058C184 /* FeedKit */; };
		E9C41A81255501B500AC3052 /* PhoneNumberCell.swift in Sources */ = {isa = PBXBuildFile; fileRef = E9C41A80255501B500AC3052 /* PhoneNumberCell.swift */; };
		E9C41A84255502A400AC3052 /* ExpandAlphabetView.swift in Sources */ = {isa = PBXBuildFile; fileRef = E9C41A83255502A400AC3052 /* ExpandAlphabetView.swift */; };
		E9C41A88255502D500AC3052 /* ProfileCircle.swift in Sources */ = {isa = PBXBuildFile; fileRef = E9C41A87255502D500AC3052 /* ProfileCircle.swift */; };
		E9C41A8D2555032000AC3052 /* VersionCard.swift in Sources */ = {isa = PBXBuildFile; fileRef = E9C41A8C2555032000AC3052 /* VersionCard.swift */; };
		E9C41A902555033B00AC3052 /* VersionDot.swift in Sources */ = {isa = PBXBuildFile; fileRef = E9C41A8F2555033B00AC3052 /* VersionDot.swift */; };
		E9C41A932555035900AC3052 /* VersionDotSoon.swift in Sources */ = {isa = PBXBuildFile; fileRef = E9C41A922555035900AC3052 /* VersionDotSoon.swift */; };
		E9C41A962555037800AC3052 /* VersionTag.swift in Sources */ = {isa = PBXBuildFile; fileRef = E9C41A952555037800AC3052 /* VersionTag.swift */; };
		E9CE22A52502F48700929D13 /* Extensions.swift in Sources */ = {isa = PBXBuildFile; fileRef = E9CE22A42502F48700929D13 /* Extensions.swift */; };
		E9CE22A7250308F900929D13 /* MiniFireCard.swift in Sources */ = {isa = PBXBuildFile; fileRef = E9CE22A6250308F900929D13 /* MiniFireCard.swift */; };
		E9E31A8A250E958B007FF855 /* Progress.swift in Sources */ = {isa = PBXBuildFile; fileRef = E9E31A89250E958B007FF855 /* Progress.swift */; };
		E9E769ED25031681006038FD /* ButtonStyles.swift in Sources */ = {isa = PBXBuildFile; fileRef = E9E769EC25031681006038FD /* ButtonStyles.swift */; };
		E9E769EF250319F4006038FD /* InformationView.swift in Sources */ = {isa = PBXBuildFile; fileRef = E9E769EE250319F4006038FD /* InformationView.swift */; };
		E9F013512556F8AB00C30827 /* AddMonitoringFires.swift in Sources */ = {isa = PBXBuildFile; fileRef = E9F013502556F8AB00C30827 /* AddMonitoringFires.swift */; };
		E9F222E425005A5700EC5A06 /* FiresBackend.swift in Sources */ = {isa = PBXBuildFile; fileRef = E9F222E325005A5700EC5A06 /* FiresBackend.swift */; };
		E9F222E625005BEB00EC5A06 /* ForestFire.swift in Sources */ = {isa = PBXBuildFile; fileRef = E9F222E525005BEB00EC5A06 /* ForestFire.swift */; };
		E9F222E82500886800EC5A06 /* DateExtension.swift in Sources */ = {isa = PBXBuildFile; fileRef = E9F222E72500886800EC5A06 /* DateExtension.swift */; };
		E9F222EB2500C4A800EC5A06 /* FireMapView.swift in Sources */ = {isa = PBXBuildFile; fileRef = E9F222EA2500C4A800EC5A06 /* FireMapView.swift */; };
/* End PBXBuildFile section */

/* Begin PBXCopyFilesBuildPhase section */
		E9AAFC3C255122B700BE1E45 /* Embed Watch Content */ = {
			isa = PBXCopyFilesBuildPhase;
			buildActionMask = 2147483647;
			dstPath = "$(CONTENTS_FOLDER_PATH)/Watch";
			dstSubfolderSpec = 16;
			files = (
			);
			name = "Embed Watch Content";
			runOnlyForDeploymentPostprocessing = 0;
		};
		E9E31AC7250EDF19007FF855 /* Embed App Extensions */ = {
			isa = PBXCopyFilesBuildPhase;
			buildActionMask = 2147483647;
			dstPath = "";
			dstSubfolderSpec = 13;
			files = (
			);
			name = "Embed App Extensions";
			runOnlyForDeploymentPostprocessing = 0;
		};
/* End PBXCopyFilesBuildPhase section */

/* Begin PBXFileReference section */
		27313E4B250ACD0F009876FA /* AirQualityBackend.swift */ = {isa = PBXFileReference; lastKnownFileType = sourcecode.swift; path = AirQualityBackend.swift; sourceTree = "<group>"; };
		279FE6F725213216004AC147 /* PhoneBackend.swift */ = {isa = PBXFileReference; lastKnownFileType = sourcecode.swift; path = PhoneBackend.swift; sourceTree = "<group>"; };
		279FE6FD25214AAE004AC147 /* PhoneView.swift */ = {isa = PBXFileReference; lastKnownFileType = sourcecode.swift; path = PhoneView.swift; sourceTree = "<group>"; };
		27BB5F9125098DFD0071F3FF /* AirQuality.swift */ = {isa = PBXFileReference; lastKnownFileType = sourcecode.swift; path = AirQuality.swift; sourceTree = "<group>"; };
		6D2DE04A2555F3B100D07038 /* MoreButton.swift */ = {isa = PBXFileReference; lastKnownFileType = sourcecode.swift; path = MoreButton.swift; sourceTree = "<group>"; };
		6D2DE04E2555F56200D07038 /* Caption.swift */ = {isa = PBXFileReference; lastKnownFileType = sourcecode.swift; path = Caption.swift; sourceTree = "<group>"; };
		6D2DE0522555F70800D07038 /* HorizontalButton.swift */ = {isa = PBXFileReference; lastKnownFileType = sourcecode.swift; path = HorizontalButton.swift; sourceTree = "<group>"; };
		6D2DE0572555FD4800D07038 /* GenericButton.swift */ = {isa = PBXFileReference; lastKnownFileType = sourcecode.swift; path = GenericButton.swift; sourceTree = "<group>"; };
		6D3602462550ED910054B3A9 /* NoticeCardiPad.swift */ = {isa = PBXFileReference; lastKnownFileType = sourcecode.swift; path = NoticeCardiPad.swift; sourceTree = "<group>"; };
		6D36024D2550EDCF0054B3A9 /* MiniFireCardiPad.swift */ = {isa = PBXFileReference; lastKnownFileType = sourcecode.swift; path = MiniFireCardiPad.swift; sourceTree = "<group>"; };
		6D3602532550EE100054B3A9 /* MapFireCardiPad.swift */ = {isa = PBXFileReference; lastKnownFileType = sourcecode.swift; path = MapFireCardiPad.swift; sourceTree = "<group>"; };
		6D3602592550EE4C0054B3A9 /* AQCardiPad.swift */ = {isa = PBXFileReference; lastKnownFileType = sourcecode.swift; path = AQCardiPad.swift; sourceTree = "<group>"; };
		6D36025F2550EEA80054B3A9 /* AQMeteriPad.swift */ = {isa = PBXFileReference; lastKnownFileType = sourcecode.swift; path = AQMeteriPad.swift; sourceTree = "<group>"; };
		6D3602652550EED40054B3A9 /* HorizontalCardRedactediPad.swift */ = {isa = PBXFileReference; lastKnownFileType = sourcecode.swift; path = HorizontalCardRedactediPad.swift; sourceTree = "<group>"; };
		6D36026B2550EEFF0054B3A9 /* NewsCardRedactediPad.swift */ = {isa = PBXFileReference; lastKnownFileType = sourcecode.swift; path = NewsCardRedactediPad.swift; sourceTree = "<group>"; };
		6D3602712550EF260054B3A9 /* SearchViewiPad.swift */ = {isa = PBXFileReference; lastKnownFileType = sourcecode.swift; path = SearchViewiPad.swift; sourceTree = "<group>"; };
		6D3602772550EF570054B3A9 /* FireMapViewiPad.swift */ = {isa = PBXFileReference; lastKnownFileType = sourcecode.swift; path = FireMapViewiPad.swift; sourceTree = "<group>"; };
		6D36027D2550EF930054B3A9 /* FullFireMapViewiPad.swift */ = {isa = PBXFileReference; lastKnownFileType = sourcecode.swift; path = FullFireMapViewiPad.swift; sourceTree = "<group>"; };
		6D3602832550EFD60054B3A9 /* FullFireMapModalViewiPad.swift */ = {isa = PBXFileReference; lastKnownFileType = sourcecode.swift; path = FullFireMapModalViewiPad.swift; sourceTree = "<group>"; };
		6D3602892550EFFD0054B3A9 /* HorizontalCardiPad.swift */ = {isa = PBXFileReference; lastKnownFileType = sourcecode.swift; path = HorizontalCardiPad.swift; sourceTree = "<group>"; };
		6D36028F2550F0180054B3A9 /* NewsViewiPad.swift */ = {isa = PBXFileReference; lastKnownFileType = sourcecode.swift; path = NewsViewiPad.swift; sourceTree = "<group>"; };
		6D3602952550F0390054B3A9 /* AQViewiPad.swift */ = {isa = PBXFileReference; lastKnownFileType = sourcecode.swift; path = AQViewiPad.swift; sourceTree = "<group>"; };
		6D36029D2550F0A60054B3A9 /* SplashScreeniPad.swift */ = {isa = PBXFileReference; lastKnownFileType = sourcecode.swift; path = SplashScreeniPad.swift; sourceTree = "<group>"; };
		6D38E8A4253B782F009096C9 /* UpdateLog.swift */ = {isa = PBXFileReference; lastKnownFileType = sourcecode.swift; path = UpdateLog.swift; sourceTree = "<group>"; };
		6D4A43B42552360D0066884D /* MonitoringListView.swift */ = {isa = PBXFileReference; lastKnownFileType = sourcecode.swift; path = MonitoringListView.swift; sourceTree = "<group>"; };
		6D4A43C5255239800066884D /* MonitoringListViewiPad.swift */ = {isa = PBXFileReference; lastKnownFileType = sourcecode.swift; path = MonitoringListViewiPad.swift; sourceTree = "<group>"; };
		6D58B33A26B4F90C00311CF3 /* Blur.swift */ = {isa = PBXFileReference; lastKnownFileType = sourcecode.swift; path = Blur.swift; sourceTree = "<group>"; };
		6D6362C425534C38005A18A8 /* LongButton.swift */ = {isa = PBXFileReference; lastKnownFileType = sourcecode.swift; path = LongButton.swift; sourceTree = "<group>"; };
		6D6362D225534E59005A18A8 /* RoundedButton.swift */ = {isa = PBXFileReference; lastKnownFileType = sourcecode.swift; path = RoundedButton.swift; sourceTree = "<group>"; };
		6D6859D2254758F500060BB8 /* NoticeCard.swift */ = {isa = PBXFileReference; lastKnownFileType = sourcecode.swift; path = NoticeCard.swift; sourceTree = "<group>"; };
		6D7405D22509C85000F45BB2 /* AQMeter.swift */ = {isa = PBXFileReference; lastKnownFileType = sourcecode.swift; path = AQMeter.swift; sourceTree = "<group>"; };
		6D7405D52509CA1200F45BB2 /* AQView.swift */ = {isa = PBXFileReference; lastKnownFileType = sourcecode.swift; path = AQView.swift; sourceTree = "<group>"; };
		6D77EB3A26CF53CA0057BB0E /* Hero.swift */ = {isa = PBXFileReference; lastKnownFileType = sourcecode.swift; path = Hero.swift; sourceTree = "<group>"; };
		6DA2FF2F2506AF6400C86F0C /* SettingsView.swift */ = {isa = PBXFileReference; lastKnownFileType = sourcecode.swift; path = SettingsView.swift; sourceTree = "<group>"; };
		6DA2FF312506B00400C86F0C /* UnitsCard.swift */ = {isa = PBXFileReference; lastKnownFileType = sourcecode.swift; path = UnitsCard.swift; sourceTree = "<group>"; };
		6DA2FF352506B55E00C86F0C /* SettingsCards.swift */ = {isa = PBXFileReference; lastKnownFileType = sourcecode.swift; path = SettingsCards.swift; sourceTree = "<group>"; };
		6DB9503B2551E49E009509D7 /* SettingsViewiPad.swift */ = {isa = PBXFileReference; lastKnownFileType = sourcecode.swift; path = SettingsViewiPad.swift; sourceTree = "<group>"; };
		6DBAD72425098F2700E2BCA9 /* AQCard.swift */ = {isa = PBXFileReference; lastKnownFileType = sourcecode.swift; path = AQCard.swift; sourceTree = "<group>"; };
		6DE79D242558B82E008397E9 /* RectButton.swift */ = {isa = PBXFileReference; lastKnownFileType = sourcecode.swift; path = RectButton.swift; sourceTree = "<group>"; };
		6DE79D272558BADE008397E9 /* VerticalButton.swift */ = {isa = PBXFileReference; lastKnownFileType = sourcecode.swift; path = VerticalButton.swift; sourceTree = "<group>"; };
		6DF6590B2510684100D47118 /* DataView.swift */ = {isa = PBXFileReference; lastKnownFileType = sourcecode.swift; path = DataView.swift; sourceTree = "<group>"; };
		6DF73D7A2502A3A90051E4A2 /* MapFireCard.swift */ = {isa = PBXFileReference; lastKnownFileType = sourcecode.swift; path = MapFireCard.swift; sourceTree = "<group>"; };
		6DF73D7C2502ACC00051E4A2 /* WordCard.swift */ = {isa = PBXFileReference; lastKnownFileType = sourcecode.swift; path = WordCard.swift; sourceTree = "<group>"; };
		6DF73D7E2502AEAD0051E4A2 /* Header.swift */ = {isa = PBXFileReference; lastKnownFileType = sourcecode.swift; path = Header.swift; sourceTree = "<group>"; };
		E903803C2518749C0043DC53 /* StatusBarBackground.swift */ = {isa = PBXFileReference; lastKnownFileType = sourcecode.swift; path = StatusBarBackground.swift; sourceTree = "<group>"; };
		E9073CA425214AB200FE43C2 /* HorizontalCard.swift */ = {isa = PBXFileReference; lastKnownFileType = sourcecode.swift; path = HorizontalCard.swift; sourceTree = "<group>"; };
		E9073CAB2529096600FE43C2 /* Check.swift */ = {isa = PBXFileReference; lastKnownFileType = sourcecode.swift; path = Check.swift; sourceTree = "<group>"; };
		E91EB47B25393E63006F03C2 /* Blaze.entitlements */ = {isa = PBXFileReference; lastKnownFileType = text.plist.entitlements; path = Blaze.entitlements; sourceTree = "<group>"; };
		E941692825046E8D00DEFCB2 /* GlossaryTerms.swift */ = {isa = PBXFileReference; lastKnownFileType = sourcecode.swift; path = GlossaryTerms.swift; sourceTree = "<group>"; };
		E941692C2504B2D800DEFCB2 /* CreditsView.swift */ = {isa = PBXFileReference; lastKnownFileType = sourcecode.swift; path = CreditsView.swift; sourceTree = "<group>"; };
		E949CFA72517016F00AD467B /* LocationManager.swift */ = {isa = PBXFileReference; lastKnownFileType = sourcecode.swift; path = LocationManager.swift; sourceTree = "<group>"; };
		E94C30BF25075FF20019E1E4 /* SubHeader.swift */ = {isa = PBXFileReference; lastKnownFileType = sourcecode.swift; path = SubHeader.swift; sourceTree = "<group>"; };
		E97E26D8250813B300B939F3 /* FullFireMapView.swift */ = {isa = PBXFileReference; lastKnownFileType = sourcecode.swift; path = FullFireMapView.swift; sourceTree = "<group>"; };
		E97E26DA25082B3800B939F3 /* FullInformationView.swift */ = {isa = PBXFileReference; lastKnownFileType = sourcecode.swift; path = FullInformationView.swift; sourceTree = "<group>"; };
		E97E26DD250837FD00B939F3 /* SearchUIKit.swift */ = {isa = PBXFileReference; lastKnownFileType = sourcecode.swift; path = SearchUIKit.swift; sourceTree = "<group>"; };
		E97E26DF2508444B00B939F3 /* WebModal.swift */ = {isa = PBXFileReference; lastKnownFileType = sourcecode.swift; path = WebModal.swift; sourceTree = "<group>"; };
		E97E26E125084ABF00B939F3 /* SplashScreen.swift */ = {isa = PBXFileReference; lastKnownFileType = sourcecode.swift; path = SplashScreen.swift; sourceTree = "<group>"; };
		E97FA5FA2554FFC2009754AA /* FlexibleFireInfo.swift */ = {isa = PBXFileReference; lastKnownFileType = sourcecode.swift; path = FlexibleFireInfo.swift; sourceTree = "<group>"; };
		E985F5352503752000A3BA83 /* FormButtons.swift */ = {isa = PBXFileReference; lastKnownFileType = sourcecode.swift; path = FormButtons.swift; sourceTree = "<group>"; };
		E985F5382503781E00A3BA83 /* GlossaryView.swift */ = {isa = PBXFileReference; lastKnownFileType = sourcecode.swift; path = GlossaryView.swift; sourceTree = "<group>"; };
		E9AAFC0C2551148E00BE1E45 /* FiresViewiPad.swift */ = {isa = PBXFileReference; lastKnownFileType = sourcecode.swift; path = FiresViewiPad.swift; sourceTree = "<group>"; };
		E9ABC4382532C3F200E2DE49 /* PhoneInfoView.swift */ = {isa = PBXFileReference; lastKnownFileType = sourcecode.swift; path = PhoneInfoView.swift; sourceTree = "<group>"; };
		E9AF015124FDB8DD0058C184 /* Blaze.app */ = {isa = PBXFileReference; explicitFileType = wrapper.application; includeInIndex = 0; path = Blaze.app; sourceTree = BUILT_PRODUCTS_DIR; };
		E9AF015424FDB8DD0058C184 /* AppDelegate.swift */ = {isa = PBXFileReference; lastKnownFileType = sourcecode.swift; path = AppDelegate.swift; sourceTree = "<group>"; };
		E9AF015624FDB8DD0058C184 /* SceneDelegate.swift */ = {isa = PBXFileReference; lastKnownFileType = sourcecode.swift; path = SceneDelegate.swift; sourceTree = "<group>"; };
		E9AF015824FDB8DD0058C184 /* ContentView.swift */ = {isa = PBXFileReference; lastKnownFileType = sourcecode.swift; path = ContentView.swift; sourceTree = "<group>"; };
		E9AF015A24FDB8DE0058C184 /* Assets.xcassets */ = {isa = PBXFileReference; lastKnownFileType = folder.assetcatalog; path = Assets.xcassets; sourceTree = "<group>"; };
		E9AF015D24FDB8DE0058C184 /* Preview Assets.xcassets */ = {isa = PBXFileReference; lastKnownFileType = folder.assetcatalog; path = "Preview Assets.xcassets"; sourceTree = "<group>"; };
		E9AF016024FDB8DE0058C184 /* Base */ = {isa = PBXFileReference; lastKnownFileType = file.storyboard; name = Base; path = Base.lproj/LaunchScreen.storyboard; sourceTree = "<group>"; };
		E9AF016224FDB8DE0058C184 /* Info.plist */ = {isa = PBXFileReference; lastKnownFileType = text.plist.xml; path = Info.plist; sourceTree = "<group>"; };
		E9AF016924FDBBEB0058C184 /* FiresView.swift */ = {isa = PBXFileReference; lastKnownFileType = sourcecode.swift; path = FiresView.swift; sourceTree = "<group>"; xcLanguageSpecificationIdentifier = xcode.lang.swift; };
		E9AF016B24FDBBF80058C184 /* SearchView.swift */ = {isa = PBXFileReference; lastKnownFileType = sourcecode.swift; path = SearchView.swift; sourceTree = "<group>"; };
		E9AF016D24FDBC090058C184 /* NewsView.swift */ = {isa = PBXFileReference; lastKnownFileType = sourcecode.swift; path = NewsView.swift; sourceTree = "<group>"; };
		E9AF017024FDBC290058C184 /* NewsBackend.swift */ = {isa = PBXFileReference; lastKnownFileType = sourcecode.swift; path = NewsBackend.swift; sourceTree = "<group>"; };
		E9AF017324FDBC870058C184 /* News.swift */ = {isa = PBXFileReference; lastKnownFileType = sourcecode.swift; path = News.swift; sourceTree = "<group>"; };
		E9AF018324FDC3800058C184 /* NewsCard.swift */ = {isa = PBXFileReference; lastKnownFileType = sourcecode.swift; path = NewsCard.swift; sourceTree = "<group>"; };
		E9AF019124FDE5EF0058C184 /* CloseModalButton.swift */ = {isa = PBXFileReference; lastKnownFileType = sourcecode.swift; path = CloseModalButton.swift; sourceTree = "<group>"; };
		E9C41A80255501B500AC3052 /* PhoneNumberCell.swift */ = {isa = PBXFileReference; lastKnownFileType = sourcecode.swift; path = PhoneNumberCell.swift; sourceTree = "<group>"; };
		E9C41A83255502A400AC3052 /* ExpandAlphabetView.swift */ = {isa = PBXFileReference; lastKnownFileType = sourcecode.swift; path = ExpandAlphabetView.swift; sourceTree = "<group>"; };
		E9C41A87255502D500AC3052 /* ProfileCircle.swift */ = {isa = PBXFileReference; lastKnownFileType = sourcecode.swift; path = ProfileCircle.swift; sourceTree = "<group>"; };
		E9C41A8C2555032000AC3052 /* VersionCard.swift */ = {isa = PBXFileReference; lastKnownFileType = sourcecode.swift; path = VersionCard.swift; sourceTree = "<group>"; };
		E9C41A8F2555033B00AC3052 /* VersionDot.swift */ = {isa = PBXFileReference; lastKnownFileType = sourcecode.swift; path = VersionDot.swift; sourceTree = "<group>"; };
		E9C41A922555035900AC3052 /* VersionDotSoon.swift */ = {isa = PBXFileReference; lastKnownFileType = sourcecode.swift; path = VersionDotSoon.swift; sourceTree = "<group>"; };
		E9C41A952555037800AC3052 /* VersionTag.swift */ = {isa = PBXFileReference; lastKnownFileType = sourcecode.swift; path = VersionTag.swift; sourceTree = "<group>"; };
		E9CE22A42502F48700929D13 /* Extensions.swift */ = {isa = PBXFileReference; lastKnownFileType = sourcecode.swift; path = Extensions.swift; sourceTree = "<group>"; };
		E9CE22A6250308F900929D13 /* MiniFireCard.swift */ = {isa = PBXFileReference; lastKnownFileType = sourcecode.swift; path = MiniFireCard.swift; sourceTree = "<group>"; };
		E9E31A89250E958B007FF855 /* Progress.swift */ = {isa = PBXFileReference; lastKnownFileType = sourcecode.swift; path = Progress.swift; sourceTree = "<group>"; };
		E9E31A93250EDD41007FF855 /* WidgetKit.framework */ = {isa = PBXFileReference; lastKnownFileType = wrapper.framework; name = WidgetKit.framework; path = System/Library/Frameworks/WidgetKit.framework; sourceTree = SDKROOT; };
		E9E31A95250EDD41007FF855 /* SwiftUI.framework */ = {isa = PBXFileReference; lastKnownFileType = wrapper.framework; name = SwiftUI.framework; path = System/Library/Frameworks/SwiftUI.framework; sourceTree = SDKROOT; };
		E9E769EC25031681006038FD /* ButtonStyles.swift */ = {isa = PBXFileReference; lastKnownFileType = sourcecode.swift; path = ButtonStyles.swift; sourceTree = "<group>"; };
		E9E769EE250319F4006038FD /* InformationView.swift */ = {isa = PBXFileReference; lastKnownFileType = sourcecode.swift; path = InformationView.swift; sourceTree = "<group>"; };
		E9F013502556F8AB00C30827 /* AddMonitoringFires.swift */ = {isa = PBXFileReference; lastKnownFileType = sourcecode.swift; path = AddMonitoringFires.swift; sourceTree = "<group>"; };
		E9F222E325005A5700EC5A06 /* FiresBackend.swift */ = {isa = PBXFileReference; lastKnownFileType = sourcecode.swift; path = FiresBackend.swift; sourceTree = "<group>"; };
		E9F222E525005BEB00EC5A06 /* ForestFire.swift */ = {isa = PBXFileReference; lastKnownFileType = sourcecode.swift; path = ForestFire.swift; sourceTree = "<group>"; };
		E9F222E72500886800EC5A06 /* DateExtension.swift */ = {isa = PBXFileReference; lastKnownFileType = sourcecode.swift; path = DateExtension.swift; sourceTree = "<group>"; };
		E9F222EA2500C4A800EC5A06 /* FireMapView.swift */ = {isa = PBXFileReference; lastKnownFileType = sourcecode.swift; path = FireMapView.swift; sourceTree = "<group>"; };
/* End PBXFileReference section */

/* Begin PBXFrameworksBuildPhase section */
		E9AF014E24FDB8DD0058C184 /* Frameworks */ = {
			isa = PBXFrameworksBuildPhase;
			buildActionMask = 2147483647;
			files = (
				E9458A01254E27F20067BFE8 /* Fuzi in Frameworks */,
				E96D2885252EF3CF0002DBB4 /* SwiftUIListSeparator in Frameworks */,
				E9AF017F24FDC19D0058C184 /* URLImage in Frameworks */,
				E9AF019524FDEC700058C184 /* FeedKit in Frameworks */,
				E9AF017724FDBEBC0058C184 /* ModalView in Frameworks */,
				E90CE1B12538F93C00217B94 /* BetterSafariView in Frameworks */,
			);
			runOnlyForDeploymentPostprocessing = 0;
		};
/* End PBXFrameworksBuildPhase section */

/* Begin PBXGroup section */
		6D36024C2550EDB90054B3A9 /* iPad */ = {
			isa = PBXGroup;
			children = (
				6D3602592550EE4C0054B3A9 /* AQCardiPad.swift */,
				6D36025F2550EEA80054B3A9 /* AQMeteriPad.swift */,
				6D3602652550EED40054B3A9 /* HorizontalCardRedactediPad.swift */,
				6D3602532550EE100054B3A9 /* MapFireCardiPad.swift */,
				6D36024D2550EDCF0054B3A9 /* MiniFireCardiPad.swift */,
				6D36026B2550EEFF0054B3A9 /* NewsCardRedactediPad.swift */,
				6D3602462550ED910054B3A9 /* NoticeCardiPad.swift */,
			);
			path = iPad;
			sourceTree = "<group>";
		};
		6D6362C825534D15005A18A8 /* iPad */ = {
			isa = PBXGroup;
			children = (
				E9AAFC0C2551148E00BE1E45 /* FiresViewiPad.swift */,
				6D4A43C5255239800066884D /* MonitoringListViewiPad.swift */,
			);
			path = iPad;
			sourceTree = "<group>";
		};
		6D6362C925534D2F005A18A8 /* iPad */ = {
			isa = PBXGroup;
			children = (
				6D3602772550EF570054B3A9 /* FireMapViewiPad.swift */,
				6D3602832550EFD60054B3A9 /* FullFireMapModalViewiPad.swift */,
				6D36027D2550EF930054B3A9 /* FullFireMapViewiPad.swift */,
			);
			path = iPad;
			sourceTree = "<group>";
		};
		6D6362CA25534D46005A18A8 /* iPad */ = {
			isa = PBXGroup;
			children = (
				6D3602892550EFFD0054B3A9 /* HorizontalCardiPad.swift */,
				6D36028F2550F0180054B3A9 /* NewsViewiPad.swift */,
			);
			path = iPad;
			sourceTree = "<group>";
		};
		6D6362CB25534D62005A18A8 /* iPad */ = {
			isa = PBXGroup;
			children = (
				6D3602712550EF260054B3A9 /* SearchViewiPad.swift */,
			);
			path = iPad;
			sourceTree = "<group>";
		};
		6D6362CC25534D6D005A18A8 /* iPad */ = {
			isa = PBXGroup;
			children = (
				6DB9503B2551E49E009509D7 /* SettingsViewiPad.swift */,
			);
			path = iPad;
			sourceTree = "<group>";
		};
		6D6362CF25534DC0005A18A8 /* Navigation */ = {
			isa = PBXGroup;
			children = (
				6D6362C425534C38005A18A8 /* LongButton.swift */,
				6D6362D225534E59005A18A8 /* RoundedButton.swift */,
				6D2DE04A2555F3B100D07038 /* MoreButton.swift */,
				6D2DE0522555F70800D07038 /* HorizontalButton.swift */,
				6DE79D272558BADE008397E9 /* VerticalButton.swift */,
				6D2DE0572555FD4800D07038 /* GenericButton.swift */,
				6DE79D242558B82E008397E9 /* RectButton.swift */,
			);
			path = Navigation;
			sourceTree = "<group>";
		};
		6D7405D42509CA0300F45BB2 /* AQ */ = {
			isa = PBXGroup;
			children = (
				6D7405D52509CA1200F45BB2 /* AQView.swift */,
				6D3602952550F0390054B3A9 /* AQViewiPad.swift */,
			);
			path = AQ;
			sourceTree = "<group>";
		};
		6DA2FF2E2506AF5400C86F0C /* Settings */ = {
			isa = PBXGroup;
			children = (
				6DA2FF352506B55E00C86F0C /* SettingsCards.swift */,
				6DA2FF2F2506AF6400C86F0C /* SettingsView.swift */,
				6DA2FF312506B00400C86F0C /* UnitsCard.swift */,
				6D6362CC25534D6D005A18A8 /* iPad */,
			);
			path = Settings;
			sourceTree = "<group>";
		};
		E97E26DC250837E000B939F3 /* UIKit Search Functionality */ = {
			isa = PBXGroup;
			children = (
				E97E26DD250837FD00B939F3 /* SearchUIKit.swift */,
			);
			path = "UIKit Search Functionality";
			sourceTree = "<group>";
		};
		E985F5372503781300A3BA83 /* Glossary */ = {
			isa = PBXGroup;
			children = (
				E985F5382503781E00A3BA83 /* GlossaryView.swift */,
				E9C41A83255502A400AC3052 /* ExpandAlphabetView.swift */,
			);
			path = Glossary;
			sourceTree = "<group>";
		};
		E9ABC4372532C3D100E2DE49 /* Phone */ = {
			isa = PBXGroup;
			children = (
				E9ABC4382532C3F200E2DE49 /* PhoneInfoView.swift */,
				279FE6FD25214AAE004AC147 /* PhoneView.swift */,
				E9C41A80255501B500AC3052 /* PhoneNumberCell.swift */,
			);
			path = Phone;
			sourceTree = "<group>";
		};
		E9AF014824FDB8DD0058C184 = {
			isa = PBXGroup;
			children = (
				E9AF015324FDB8DD0058C184 /* Blaze */,
				E9E31A92250EDD41007FF855 /* Frameworks */,
				E9AF015224FDB8DD0058C184 /* Products */,
			);
			sourceTree = "<group>";
		};
		E9AF015224FDB8DD0058C184 /* Products */ = {
			isa = PBXGroup;
			children = (
				E9AF015124FDB8DD0058C184 /* Blaze.app */,
			);
			name = Products;
			sourceTree = "<group>";
		};
		E9AF015324FDB8DD0058C184 /* Blaze */ = {
			isa = PBXGroup;
			children = (
				E91EB47B25393E63006F03C2 /* Blaze.entitlements */,
				E9AF016224FDB8DE0058C184 /* Info.plist */,
				E9AF015424FDB8DD0058C184 /* AppDelegate.swift */,
				E9AF015824FDB8DD0058C184 /* ContentView.swift */,
				E9AF015624FDB8DD0058C184 /* SceneDelegate.swift */,
				E9AF015A24FDB8DE0058C184 /* Assets.xcassets */,
				E9AF015F24FDB8DE0058C184 /* LaunchScreen.storyboard */,
				E9AF016F24FDBC120058C184 /* Backend */,
				E9AF017224FDBC7B0058C184 /* Classes and Extensions */,
				E9AF019024FDE5DF0058C184 /* Elements */,
				E9AF015C24FDB8DE0058C184 /* Preview Content */,
				E9AF016824FDBBDA0058C184 /* Views */,
			);
			path = Blaze;
			sourceTree = "<group>";
		};
		E9AF015C24FDB8DE0058C184 /* Preview Content */ = {
			isa = PBXGroup;
			children = (
				E9AF015D24FDB8DE0058C184 /* Preview Assets.xcassets */,
			);
			path = "Preview Content";
			sourceTree = "<group>";
		};
		E9AF016824FDBBDA0058C184 /* Views */ = {
			isa = PBXGroup;
			children = (
				6D7405D42509CA0300F45BB2 /* AQ */,
				E9AF017824FDC0BF0058C184 /* Fires */,
				E985F5372503781300A3BA83 /* Glossary */,
				E9F222E92500C49E00EC5A06 /* Maps */,
				E9AF017B24FDC0E20058C184 /* News */,
				E9ABC4372532C3D100E2DE49 /* Phone */,
				E9AF017A24FDC0DC0058C184 /* Search */,
				6DA2FF2E2506AF5400C86F0C /* Settings */,
				E9C41A9A2555046700AC3052 /* SplashScreen */,
			);
			path = Views;
			sourceTree = "<group>";
		};
		E9AF016F24FDBC120058C184 /* Backend */ = {
			isa = PBXGroup;
			children = (
				27313E4B250ACD0F009876FA /* AirQualityBackend.swift */,
				E9F222E325005A5700EC5A06 /* FiresBackend.swift */,
				E941692825046E8D00DEFCB2 /* GlossaryTerms.swift */,
				E949CFA72517016F00AD467B /* LocationManager.swift */,
				E9AF017024FDBC290058C184 /* NewsBackend.swift */,
				279FE6F725213216004AC147 /* PhoneBackend.swift */,
			);
			path = Backend;
			sourceTree = "<group>";
		};
		E9AF017224FDBC7B0058C184 /* Classes and Extensions */ = {
			isa = PBXGroup;
			children = (
				27BB5F9125098DFD0071F3FF /* AirQuality.swift */,
				E9E769EC25031681006038FD /* ButtonStyles.swift */,
				E9F222E72500886800EC5A06 /* DateExtension.swift */,
				E9CE22A42502F48700929D13 /* Extensions.swift */,
				E9F222E525005BEB00EC5A06 /* ForestFire.swift */,
				E9AF017324FDBC870058C184 /* News.swift */,
				6D58B33A26B4F90C00311CF3 /* Blur.swift */,
			);
			path = "Classes and Extensions";
			sourceTree = "<group>";
		};
		E9AF017824FDC0BF0058C184 /* Fires */ = {
			isa = PBXGroup;
			children = (
				6DF6590B2510684100D47118 /* DataView.swift */,
				E9AF016924FDBBEB0058C184 /* FiresView.swift */,
				E9E769EE250319F4006038FD /* InformationView.swift */,
				E97FA5FA2554FFC2009754AA /* FlexibleFireInfo.swift */,
				6D4A43B42552360D0066884D /* MonitoringListView.swift */,
				E9F013502556F8AB00C30827 /* AddMonitoringFires.swift */,
				6D6362C825534D15005A18A8 /* iPad */,
			);
			path = Fires;
			sourceTree = "<group>";
		};
		E9AF017A24FDC0DC0058C184 /* Search */ = {
			isa = PBXGroup;
			children = (
				E9C41A8B2555030600AC3052 /* UpdateLog */,
				E9C41A86255502C400AC3052 /* Credits */,
				E9AF016B24FDBBF80058C184 /* SearchView.swift */,
				6D6362CB25534D62005A18A8 /* iPad */,
				E97E26DC250837E000B939F3 /* UIKit Search Functionality */,
			);
			path = Search;
			sourceTree = "<group>";
		};
		E9AF017B24FDC0E20058C184 /* News */ = {
			isa = PBXGroup;
			children = (
				E9073CA425214AB200FE43C2 /* HorizontalCard.swift */,
				E9AF018324FDC3800058C184 /* NewsCard.swift */,
				E9AF016D24FDBC090058C184 /* NewsView.swift */,
				E97E26DF2508444B00B939F3 /* WebModal.swift */,
				6D6362CA25534D46005A18A8 /* iPad */,
			);
			path = News;
			sourceTree = "<group>";
		};
		E9AF019024FDE5DF0058C184 /* Elements */ = {
			isa = PBXGroup;
			children = (
				6D77EB3A26CF53CA0057BB0E /* Hero.swift */,
				6DBAD72425098F2700E2BCA9 /* AQCard.swift */,
				6D7405D22509C85000F45BB2 /* AQMeter.swift */,
				E9073CAB2529096600FE43C2 /* Check.swift */,
				E9AF019124FDE5EF0058C184 /* CloseModalButton.swift */,
				E985F5352503752000A3BA83 /* FormButtons.swift */,
				6DF73D7E2502AEAD0051E4A2 /* Header.swift */,
				E94C30BF25075FF20019E1E4 /* SubHeader.swift */,
				E9CE22A6250308F900929D13 /* MiniFireCard.swift */,
				6DF73D7A2502A3A90051E4A2 /* MapFireCard.swift */,
				6D6859D2254758F500060BB8 /* NoticeCard.swift */,
				E9E31A89250E958B007FF855 /* Progress.swift */,
				E903803C2518749C0043DC53 /* StatusBarBackground.swift */,
				6DF73D7C2502ACC00051E4A2 /* WordCard.swift */,
				6D2DE04E2555F56200D07038 /* Caption.swift */,
				6D36024C2550EDB90054B3A9 /* iPad */,
				6D6362CF25534DC0005A18A8 /* Navigation */,
			);
			path = Elements;
			sourceTree = "<group>";
		};
		E9C41A86255502C400AC3052 /* Credits */ = {
			isa = PBXGroup;
			children = (
				E941692C2504B2D800DEFCB2 /* CreditsView.swift */,
				E9C41A87255502D500AC3052 /* ProfileCircle.swift */,
			);
			path = Credits;
			sourceTree = "<group>";
		};
		E9C41A8B2555030600AC3052 /* UpdateLog */ = {
			isa = PBXGroup;
			children = (
				6D38E8A4253B782F009096C9 /* UpdateLog.swift */,
				E9C41A8C2555032000AC3052 /* VersionCard.swift */,
				E9C41A8F2555033B00AC3052 /* VersionDot.swift */,
				E9C41A922555035900AC3052 /* VersionDotSoon.swift */,
				E9C41A952555037800AC3052 /* VersionTag.swift */,
			);
			path = UpdateLog;
			sourceTree = "<group>";
		};
		E9C41A9A2555046700AC3052 /* SplashScreen */ = {
			isa = PBXGroup;
			children = (
				E97E26E125084ABF00B939F3 /* SplashScreen.swift */,
				E9C41A9B2555047D00AC3052 /* iPad */,
			);
			path = SplashScreen;
			sourceTree = "<group>";
		};
		E9C41A9B2555047D00AC3052 /* iPad */ = {
			isa = PBXGroup;
			children = (
				6D36029D2550F0A60054B3A9 /* SplashScreeniPad.swift */,
			);
			path = iPad;
			sourceTree = "<group>";
		};
		E9E31A92250EDD41007FF855 /* Frameworks */ = {
			isa = PBXGroup;
			children = (
				E9E31A93250EDD41007FF855 /* WidgetKit.framework */,
				E9E31A95250EDD41007FF855 /* SwiftUI.framework */,
			);
			name = Frameworks;
			sourceTree = "<group>";
		};
		E9F222E92500C49E00EC5A06 /* Maps */ = {
			isa = PBXGroup;
			children = (
				E9F222EA2500C4A800EC5A06 /* FireMapView.swift */,
				E97E26D8250813B300B939F3 /* FullFireMapView.swift */,
				E97E26DA25082B3800B939F3 /* FullInformationView.swift */,
				6D6362C925534D2F005A18A8 /* iPad */,
			);
			path = Maps;
			sourceTree = "<group>";
		};
/* End PBXGroup section */

/* Begin PBXNativeTarget section */
		E9AF015024FDB8DD0058C184 /* Blaze */ = {
			isa = PBXNativeTarget;
			buildConfigurationList = E9AF016524FDB8DE0058C184 /* Build configuration list for PBXNativeTarget "Blaze" */;
			buildPhases = (
				E9AF014D24FDB8DD0058C184 /* Sources */,
				E9AF014E24FDB8DD0058C184 /* Frameworks */,
				E9AF014F24FDB8DD0058C184 /* Resources */,
				E90CB5AD2508AD3D008EC502 /* ShellScript */,
				E9E31AC7250EDF19007FF855 /* Embed App Extensions */,
				E93B4E7C2543CFD800D811A7 /* ShellScript */,
				E9AAFC3C255122B700BE1E45 /* Embed Watch Content */,
			);
			buildRules = (
			);
			dependencies = (
			);
			name = Blaze;
			packageProductDependencies = (
				E9AF017624FDBEBC0058C184 /* ModalView */,
				E9AF017E24FDC19D0058C184 /* URLImage */,
				E9AF019424FDEC700058C184 /* FeedKit */,
				E96D2884252EF3CF0002DBB4 /* SwiftUIListSeparator */,
				E90CE1B02538F93C00217B94 /* BetterSafariView */,
				E9458A00254E27F20067BFE8 /* Fuzi */,
			);
			productName = Blaze;
			productReference = E9AF015124FDB8DD0058C184 /* Blaze.app */;
			productType = "com.apple.product-type.application";
		};
/* End PBXNativeTarget section */

/* Begin PBXProject section */
		E9AF014924FDB8DD0058C184 /* Project object */ = {
			isa = PBXProject;
			attributes = {
				LastSwiftUpdateCheck = 1200;
				LastUpgradeCheck = 1200;
				TargetAttributes = {
					E9AF015024FDB8DD0058C184 = {
						CreatedOnToolsVersion = 12.0;
					};
				};
			};
			buildConfigurationList = E9AF014C24FDB8DD0058C184 /* Build configuration list for PBXProject "Blaze" */;
			compatibilityVersion = "Xcode 9.3";
			developmentRegion = en;
			hasScannedForEncodings = 0;
			knownRegions = (
				en,
				Base,
			);
			mainGroup = E9AF014824FDB8DD0058C184;
			packageReferences = (
				E9AF017524FDBEBC0058C184 /* XCRemoteSwiftPackageReference "modal-view" */,
				E9AF017D24FDC19D0058C184 /* XCRemoteSwiftPackageReference "url-image" */,
				E9AF019324FDEC700058C184 /* XCRemoteSwiftPackageReference "FeedKit" */,
				E96D2883252EF3CF0002DBB4 /* XCRemoteSwiftPackageReference "SwiftUIListSeparator" */,
				E90CE1AF2538F93C00217B94 /* XCRemoteSwiftPackageReference "BetterSafariView" */,
				E94589FF254E27F20067BFE8 /* XCRemoteSwiftPackageReference "Fuzi" */,
			);
			productRefGroup = E9AF015224FDB8DD0058C184 /* Products */;
			projectDirPath = "";
			projectRoot = "";
			targets = (
				E9AF015024FDB8DD0058C184 /* Blaze */,
			);
		};
/* End PBXProject section */

/* Begin PBXResourcesBuildPhase section */
		E9AF014F24FDB8DD0058C184 /* Resources */ = {
			isa = PBXResourcesBuildPhase;
			buildActionMask = 2147483647;
			files = (
				E9AF016124FDB8DE0058C184 /* LaunchScreen.storyboard in Resources */,
				E9AF015E24FDB8DE0058C184 /* Preview Assets.xcassets in Resources */,
				E9AF015B24FDB8DE0058C184 /* Assets.xcassets in Resources */,
			);
			runOnlyForDeploymentPostprocessing = 0;
		};
/* End PBXResourcesBuildPhase section */

/* Begin PBXShellScriptBuildPhase section */
		E90CB5AD2508AD3D008EC502 /* ShellScript */ = {
			isa = PBXShellScriptBuildPhase;
			buildActionMask = 2147483647;
			files = (
			);
			inputFileListPaths = (
			);
			inputPaths = (
			);
			outputFileListPaths = (
			);
			outputPaths = (
			);
			runOnlyForDeploymentPostprocessing = 0;
			shellPath = /bin/sh;
			shellScript = "# Type a script or drag a script file from your workspace to insert its path.\nTAGS=\"TODO:|FIXME:\"\nERRORTAG=\"ERROR:\"\nfind \"${SRCROOT}\" \\( -name \"*.h\" -or -name \"*.m\" -or -name \"*.swift\" \\) -print0 | xargs -0 egrep --with-filename --line-number --only-matching \"($TAGS).*\\$|($ERRORTAG).*\\$\" | perl -p -e \"s/($TAGS)/ warning: \\$1/\" | perl -p -e \"s/($ERRORTAG)/ error: \\$1/\"\n";
		};
		E93B4E7C2543CFD800D811A7 /* ShellScript */ = {
			isa = PBXShellScriptBuildPhase;
			buildActionMask = 2147483647;
			files = (
			);
			inputFileListPaths = (
			);
			inputPaths = (
			);
			outputFileListPaths = (
			);
			outputPaths = (
			);
			runOnlyForDeploymentPostprocessing = 0;
			shellPath = /bin/sh;
			shellScript = "# Type a script or drag a script file from your workspace to insert its path.\nif which swiftlint >/dev/null; then\n  swiftlint\nelse\n  echo \"warning: SwiftLint not installed, download from https://github.com/realm/SwiftLint\"\nfi\n";
		};
/* End PBXShellScriptBuildPhase section */

/* Begin PBXSourcesBuildPhase section */
		E9AF014D24FDB8DD0058C184 /* Sources */ = {
			isa = PBXSourcesBuildPhase;
			buildActionMask = 2147483647;
			files = (
				6D2DE04B2555F3B100D07038 /* MoreButton.swift in Sources */,
				6D36026C2550EEFF0054B3A9 /* NewsCardRedactediPad.swift in Sources */,
				E9F013512556F8AB00C30827 /* AddMonitoringFires.swift in Sources */,
				E97E26E225084ABF00B939F3 /* SplashScreen.swift in Sources */,
				E9C41A962555037800AC3052 /* VersionTag.swift in Sources */,
				6DA2FF302506AF6400C86F0C /* SettingsView.swift in Sources */,
				6D58B33B26B4F90C00311CF3 /* Blur.swift in Sources */,
				27313E4C250ACD0F009876FA /* AirQualityBackend.swift in Sources */,
				E97FA5FB2554FFC2009754AA /* FlexibleFireInfo.swift in Sources */,
				E97E26DB25082B3800B939F3 /* FullInformationView.swift in Sources */,
				6DF73D7F2502AEAD0051E4A2 /* Header.swift in Sources */,
				6D3602902550F0180054B3A9 /* NewsViewiPad.swift in Sources */,
				6D3602472550ED910054B3A9 /* NoticeCardiPad.swift in Sources */,
				E941692D2504B2D800DEFCB2 /* CreditsView.swift in Sources */,
				6D6859D3254758F500060BB8 /* NoticeCard.swift in Sources */,
				6D2DE04F2555F56200D07038 /* Caption.swift in Sources */,
				E9C41A932555035900AC3052 /* VersionDotSoon.swift in Sources */,
				6D3602722550EF260054B3A9 /* SearchViewiPad.swift in Sources */,
				E9ABC4392532C3F200E2DE49 /* PhoneInfoView.swift in Sources */,
				6D3602662550EED40054B3A9 /* HorizontalCardRedactediPad.swift in Sources */,
				E94C30C025075FF20019E1E4 /* SubHeader.swift in Sources */,
				6D4A43B52552360D0066884D /* MonitoringListView.swift in Sources */,
				6D36027E2550EF930054B3A9 /* FullFireMapViewiPad.swift in Sources */,
				6D2DE0532555F70800D07038 /* HorizontalButton.swift in Sources */,
				E9CE22A7250308F900929D13 /* MiniFireCard.swift in Sources */,
				E9F222E425005A5700EC5A06 /* FiresBackend.swift in Sources */,
				E9AAFC0D2551148E00BE1E45 /* FiresViewiPad.swift in Sources */,
				E9F222E82500886800EC5A06 /* DateExtension.swift in Sources */,
				6DA2FF322506B00400C86F0C /* UnitsCard.swift in Sources */,
				6D2DE0582555FD4800D07038 /* GenericButton.swift in Sources */,
				E9073CAC2529096600FE43C2 /* Check.swift in Sources */,
				E9AF018424FDC3800058C184 /* NewsCard.swift in Sources */,
				6D36028A2550EFFD0054B3A9 /* HorizontalCardiPad.swift in Sources */,
				E9AF016C24FDBBF80058C184 /* SearchView.swift in Sources */,
				6DF6590C2510684100D47118 /* DataView.swift in Sources */,
				6D3602542550EE100054B3A9 /* MapFireCardiPad.swift in Sources */,
				E9AF015524FDB8DD0058C184 /* AppDelegate.swift in Sources */,
				E9CE22A52502F48700929D13 /* Extensions.swift in Sources */,
				E9AF017424FDBC870058C184 /* News.swift in Sources */,
				6DE79D282558BADE008397E9 /* VerticalButton.swift in Sources */,
				E9AF017124FDBC290058C184 /* NewsBackend.swift in Sources */,
				6D38E8A5253B782F009096C9 /* UpdateLog.swift in Sources */,
				6DA2FF362506B55E00C86F0C /* SettingsCards.swift in Sources */,
				6DB9503C2551E49E009509D7 /* SettingsViewiPad.swift in Sources */,
				6D3602842550EFD60054B3A9 /* FullFireMapModalViewiPad.swift in Sources */,
				E9AF015724FDB8DD0058C184 /* SceneDelegate.swift in Sources */,
				E985F5362503752000A3BA83 /* FormButtons.swift in Sources */,
				E9C41A88255502D500AC3052 /* ProfileCircle.swift in Sources */,
				6DC18D072548ABA9001B1F49 /* FullFireMapView.swift in Sources */,
				6D36025A2550EE4C0054B3A9 /* AQCardiPad.swift in Sources */,
				6D3602782550EF570054B3A9 /* FireMapViewiPad.swift in Sources */,
				E9C41A81255501B500AC3052 /* PhoneNumberCell.swift in Sources */,
				E9F222EB2500C4A800EC5A06 /* FireMapView.swift in Sources */,
				E9E769ED25031681006038FD /* ButtonStyles.swift in Sources */,
				6DF73D7D2502ACC00051E4A2 /* WordCard.swift in Sources */,
				6DE79D252558B82E008397E9 /* RectButton.swift in Sources */,
				E9F222E625005BEB00EC5A06 /* ForestFire.swift in Sources */,
				E9AF016E24FDBC090058C184 /* NewsView.swift in Sources */,
				E97E26E02508444B00B939F3 /* WebModal.swift in Sources */,
				279FE6FE25214AAE004AC147 /* PhoneView.swift in Sources */,
				6D7405D62509CA1200F45BB2 /* AQView.swift in Sources */,
				6D36024E2550EDCF0054B3A9 /* MiniFireCardiPad.swift in Sources */,
				279FE6F825213216004AC147 /* PhoneBackend.swift in Sources */,
				E9AF016A24FDBBEB0058C184 /* FiresView.swift in Sources */,
				6D4A43C6255239800066884D /* MonitoringListViewiPad.swift in Sources */,
				6D7405D32509C85000F45BB2 /* AQMeter.swift in Sources */,
				6D3602962550F0390054B3A9 /* AQViewiPad.swift in Sources */,
				6D6362C525534C38005A18A8 /* LongButton.swift in Sources */,
				E941692925046E8D00DEFCB2 /* GlossaryTerms.swift in Sources */,
				E9E769EF250319F4006038FD /* InformationView.swift in Sources */,
				6D36029E2550F0A60054B3A9 /* SplashScreeniPad.swift in Sources */,
				E9073CA525214AB200FE43C2 /* HorizontalCard.swift in Sources */,
				E9E31A8A250E958B007FF855 /* Progress.swift in Sources */,
				E949CFA82517016F00AD467B /* LocationManager.swift in Sources */,
				E9AF019224FDE5EF0058C184 /* CloseModalButton.swift in Sources */,
				E97E26DE250837FD00B939F3 /* SearchUIKit.swift in Sources */,
				E9C41A84255502A400AC3052 /* ExpandAlphabetView.swift in Sources */,
				E985F5392503781E00A3BA83 /* GlossaryView.swift in Sources */,
				E9AF015924FDB8DD0058C184 /* ContentView.swift in Sources */,
				6D3602602550EEA80054B3A9 /* AQMeteriPad.swift in Sources */,
				6D6362D325534E59005A18A8 /* RoundedButton.swift in Sources */,
				6DBAD72525098F2700E2BCA9 /* AQCard.swift in Sources */,
				E9C41A902555033B00AC3052 /* VersionDot.swift in Sources */,
				6D77EB3B26CF53CA0057BB0E /* Hero.swift in Sources */,
				E903803D2518749C0043DC53 /* StatusBarBackground.swift in Sources */,
				6DF73D7B2502A3A90051E4A2 /* MapFireCard.swift in Sources */,
				E9C41A8D2555032000AC3052 /* VersionCard.swift in Sources */,
				27BB5F9225098DFD0071F3FF /* AirQuality.swift in Sources */,
			);
			runOnlyForDeploymentPostprocessing = 0;
		};
/* End PBXSourcesBuildPhase section */

/* Begin PBXVariantGroup section */
		E9AF015F24FDB8DE0058C184 /* LaunchScreen.storyboard */ = {
			isa = PBXVariantGroup;
			children = (
				E9AF016024FDB8DE0058C184 /* Base */,
			);
			name = LaunchScreen.storyboard;
			sourceTree = "<group>";
		};
/* End PBXVariantGroup section */

/* Begin XCBuildConfiguration section */
		E9AF016324FDB8DE0058C184 /* Debug */ = {
			isa = XCBuildConfiguration;
			buildSettings = {
				ALWAYS_SEARCH_USER_PATHS = NO;
				CLANG_ANALYZER_NONNULL = YES;
				CLANG_ANALYZER_NUMBER_OBJECT_CONVERSION = YES_AGGRESSIVE;
				CLANG_CXX_LANGUAGE_STANDARD = "gnu++14";
				CLANG_CXX_LIBRARY = "libc++";
				CLANG_ENABLE_MODULES = YES;
				CLANG_ENABLE_OBJC_ARC = YES;
				CLANG_ENABLE_OBJC_WEAK = YES;
				CLANG_WARN_BLOCK_CAPTURE_AUTORELEASING = YES;
				CLANG_WARN_BOOL_CONVERSION = YES;
				CLANG_WARN_COMMA = YES;
				CLANG_WARN_CONSTANT_CONVERSION = YES;
				CLANG_WARN_DEPRECATED_OBJC_IMPLEMENTATIONS = YES;
				CLANG_WARN_DIRECT_OBJC_ISA_USAGE = YES_ERROR;
				CLANG_WARN_DOCUMENTATION_COMMENTS = YES;
				CLANG_WARN_EMPTY_BODY = YES;
				CLANG_WARN_ENUM_CONVERSION = YES;
				CLANG_WARN_INFINITE_RECURSION = YES;
				CLANG_WARN_INT_CONVERSION = YES;
				CLANG_WARN_NON_LITERAL_NULL_CONVERSION = YES;
				CLANG_WARN_OBJC_IMPLICIT_RETAIN_SELF = YES;
				CLANG_WARN_OBJC_LITERAL_CONVERSION = YES;
				CLANG_WARN_OBJC_ROOT_CLASS = YES_ERROR;
				CLANG_WARN_QUOTED_INCLUDE_IN_FRAMEWORK_HEADER = YES;
				CLANG_WARN_RANGE_LOOP_ANALYSIS = YES;
				CLANG_WARN_STRICT_PROTOTYPES = YES;
				CLANG_WARN_SUSPICIOUS_MOVE = YES;
				CLANG_WARN_UNGUARDED_AVAILABILITY = YES_AGGRESSIVE;
				CLANG_WARN_UNREACHABLE_CODE = YES;
				CLANG_WARN__DUPLICATE_METHOD_MATCH = YES;
				COPY_PHASE_STRIP = NO;
				DEBUG_INFORMATION_FORMAT = dwarf;
				ENABLE_STRICT_OBJC_MSGSEND = YES;
				ENABLE_TESTABILITY = YES;
				GCC_C_LANGUAGE_STANDARD = gnu11;
				GCC_DYNAMIC_NO_PIC = NO;
				GCC_NO_COMMON_BLOCKS = YES;
				GCC_OPTIMIZATION_LEVEL = 0;
				GCC_PREPROCESSOR_DEFINITIONS = (
					"DEBUG=1",
					"$(inherited)",
				);
				GCC_WARN_64_TO_32_BIT_CONVERSION = YES;
				GCC_WARN_ABOUT_RETURN_TYPE = YES_ERROR;
				GCC_WARN_UNDECLARED_SELECTOR = YES;
				GCC_WARN_UNINITIALIZED_AUTOS = YES_AGGRESSIVE;
				GCC_WARN_UNUSED_FUNCTION = YES;
				GCC_WARN_UNUSED_VARIABLE = YES;
				IPHONEOS_DEPLOYMENT_TARGET = 14.0;
				MTL_ENABLE_DEBUG_INFO = INCLUDE_SOURCE;
				MTL_FAST_MATH = YES;
				ONLY_ACTIVE_ARCH = YES;
				SDKROOT = iphoneos;
				SWIFT_ACTIVE_COMPILATION_CONDITIONS = DEBUG;
				SWIFT_OPTIMIZATION_LEVEL = "-Onone";
				TARGETED_DEVICE_FAMILY = "1,2";
			};
			name = Debug;
		};
		E9AF016424FDB8DE0058C184 /* Release */ = {
			isa = XCBuildConfiguration;
			buildSettings = {
				ALWAYS_SEARCH_USER_PATHS = NO;
				CLANG_ANALYZER_NONNULL = YES;
				CLANG_ANALYZER_NUMBER_OBJECT_CONVERSION = YES_AGGRESSIVE;
				CLANG_CXX_LANGUAGE_STANDARD = "gnu++14";
				CLANG_CXX_LIBRARY = "libc++";
				CLANG_ENABLE_MODULES = YES;
				CLANG_ENABLE_OBJC_ARC = YES;
				CLANG_ENABLE_OBJC_WEAK = YES;
				CLANG_WARN_BLOCK_CAPTURE_AUTORELEASING = YES;
				CLANG_WARN_BOOL_CONVERSION = YES;
				CLANG_WARN_COMMA = YES;
				CLANG_WARN_CONSTANT_CONVERSION = YES;
				CLANG_WARN_DEPRECATED_OBJC_IMPLEMENTATIONS = YES;
				CLANG_WARN_DIRECT_OBJC_ISA_USAGE = YES_ERROR;
				CLANG_WARN_DOCUMENTATION_COMMENTS = YES;
				CLANG_WARN_EMPTY_BODY = YES;
				CLANG_WARN_ENUM_CONVERSION = YES;
				CLANG_WARN_INFINITE_RECURSION = YES;
				CLANG_WARN_INT_CONVERSION = YES;
				CLANG_WARN_NON_LITERAL_NULL_CONVERSION = YES;
				CLANG_WARN_OBJC_IMPLICIT_RETAIN_SELF = YES;
				CLANG_WARN_OBJC_LITERAL_CONVERSION = YES;
				CLANG_WARN_OBJC_ROOT_CLASS = YES_ERROR;
				CLANG_WARN_QUOTED_INCLUDE_IN_FRAMEWORK_HEADER = YES;
				CLANG_WARN_RANGE_LOOP_ANALYSIS = YES;
				CLANG_WARN_STRICT_PROTOTYPES = YES;
				CLANG_WARN_SUSPICIOUS_MOVE = YES;
				CLANG_WARN_UNGUARDED_AVAILABILITY = YES_AGGRESSIVE;
				CLANG_WARN_UNREACHABLE_CODE = YES;
				CLANG_WARN__DUPLICATE_METHOD_MATCH = YES;
				COPY_PHASE_STRIP = NO;
				DEBUG_INFORMATION_FORMAT = "dwarf-with-dsym";
				ENABLE_NS_ASSERTIONS = NO;
				ENABLE_STRICT_OBJC_MSGSEND = YES;
				GCC_C_LANGUAGE_STANDARD = gnu11;
				GCC_NO_COMMON_BLOCKS = YES;
				GCC_WARN_64_TO_32_BIT_CONVERSION = YES;
				GCC_WARN_ABOUT_RETURN_TYPE = YES_ERROR;
				GCC_WARN_UNDECLARED_SELECTOR = YES;
				GCC_WARN_UNINITIALIZED_AUTOS = YES_AGGRESSIVE;
				GCC_WARN_UNUSED_FUNCTION = YES;
				GCC_WARN_UNUSED_VARIABLE = YES;
				IPHONEOS_DEPLOYMENT_TARGET = 14.0;
				MTL_ENABLE_DEBUG_INFO = NO;
				MTL_FAST_MATH = YES;
				ONLY_ACTIVE_ARCH = YES;
				SDKROOT = iphoneos;
				SWIFT_COMPILATION_MODE = wholemodule;
				SWIFT_OPTIMIZATION_LEVEL = "-O";
				TARGETED_DEVICE_FAMILY = "1,2";
				VALIDATE_PRODUCT = YES;
			};
			name = Release;
		};
		E9AF016624FDB8DE0058C184 /* Debug */ = {
			isa = XCBuildConfiguration;
			buildSettings = {
				ASSETCATALOG_COMPILER_APPICON_NAME = AppIcon;
				ASSETCATALOG_COMPILER_GLOBAL_ACCENT_COLOR_NAME = AccentColor;
				CODE_SIGN_ENTITLEMENTS = Blaze/Blaze.entitlements;
				CODE_SIGN_STYLE = Automatic;
				CURRENT_PROJECT_VERSION = 8;
				DEVELOPMENT_ASSET_PATHS = "\"Blaze/Preview Content\"";
				DEVELOPMENT_TEAM = C4DBP4HKWQ;
				ENABLE_PREVIEWS = YES;
				EXCLUDED_ARCHS = "";
				INFOPLIST_FILE = Blaze/Info.plist;
				IPHONEOS_DEPLOYMENT_TARGET = 14.0;
				LD_RUNPATH_SEARCH_PATHS = (
					"$(inherited)",
					"@executable_path/Frameworks",
				);
				MARKETING_VERSION = 2.1;
				NEW_SETTING = "";
				ONLY_ACTIVE_ARCH = YES;
				PRODUCT_BUNDLE_IDENTIFIER = com.simplycode.Blaze1;
				PRODUCT_NAME = "$(TARGET_NAME)";
				SUPPORTS_MACCATALYST = NO;
				SUPPORTS_MAC_DESIGNED_FOR_IPHONE_IPAD = YES;
				SWIFT_VERSION = 5.0;
				TARGETED_DEVICE_FAMILY = "1,2";
			};
			name = Debug;
		};
		E9AF016724FDB8DE0058C184 /* Release */ = {
			isa = XCBuildConfiguration;
			buildSettings = {
				ASSETCATALOG_COMPILER_APPICON_NAME = AppIcon;
				ASSETCATALOG_COMPILER_GLOBAL_ACCENT_COLOR_NAME = AccentColor;
				CODE_SIGN_ENTITLEMENTS = Blaze/Blaze.entitlements;
				"CODE_SIGN_IDENTITY[sdk=macosx*]" = "Apple Development";
				CODE_SIGN_STYLE = Automatic;
				CURRENT_PROJECT_VERSION = 8;
				DEVELOPMENT_ASSET_PATHS = "\"Blaze/Preview Content\"";
				DEVELOPMENT_TEAM = C4DBP4HKWQ;
				ENABLE_PREVIEWS = YES;
				EXCLUDED_ARCHS = "";
				INFOPLIST_FILE = Blaze/Info.plist;
				IPHONEOS_DEPLOYMENT_TARGET = 14.0;
				LD_RUNPATH_SEARCH_PATHS = (
					"$(inherited)",
					"@executable_path/Frameworks",
				);
				MARKETING_VERSION = 2.1;
				NEW_SETTING = "";
				ONLY_ACTIVE_ARCH = YES;
				PRODUCT_BUNDLE_IDENTIFIER = com.simplycode.Blaze1;
				PRODUCT_NAME = "$(TARGET_NAME)";
				SUPPORTS_MACCATALYST = NO;
				SUPPORTS_MAC_DESIGNED_FOR_IPHONE_IPAD = YES;
				SWIFT_VERSION = 5.0;
				TARGETED_DEVICE_FAMILY = "1,2";
			};
			name = Release;
		};
/* End XCBuildConfiguration section */

/* Begin XCConfigurationList section */
		E9AF014C24FDB8DD0058C184 /* Build configuration list for PBXProject "Blaze" */ = {
			isa = XCConfigurationList;
			buildConfigurations = (
				E9AF016324FDB8DE0058C184 /* Debug */,
				E9AF016424FDB8DE0058C184 /* Release */,
			);
			defaultConfigurationIsVisible = 0;
			defaultConfigurationName = Release;
		};
		E9AF016524FDB8DE0058C184 /* Build configuration list for PBXNativeTarget "Blaze" */ = {
			isa = XCConfigurationList;
			buildConfigurations = (
				E9AF016624FDB8DE0058C184 /* Debug */,
				E9AF016724FDB8DE0058C184 /* Release */,
			);
			defaultConfigurationIsVisible = 0;
			defaultConfigurationName = Release;
		};
/* End XCConfigurationList section */

/* Begin XCRemoteSwiftPackageReference section */
		E90CE1AF2538F93C00217B94 /* XCRemoteSwiftPackageReference "BetterSafariView" */ = {
			isa = XCRemoteSwiftPackageReference;
			repositoryURL = "https://github.com/stleamist/BetterSafariView.git";
			requirement = {
				branch = main;
				kind = branch;
			};
		};
		E94589FF254E27F20067BFE8 /* XCRemoteSwiftPackageReference "Fuzi" */ = {
			isa = XCRemoteSwiftPackageReference;
			repositoryURL = "https://github.com/cezheng/Fuzi.git";
			requirement = {
				kind = upToNextMajorVersion;
				minimumVersion = 3.1.2;
			};
		};
		E96D2883252EF3CF0002DBB4 /* XCRemoteSwiftPackageReference "SwiftUIListSeparator" */ = {
			isa = XCRemoteSwiftPackageReference;
			repositoryURL = "https://github.com/SchmidtyApps/SwiftUIListSeparator.git";
			requirement = {
				branch = master;
				kind = branch;
			};
		};
		E9AF017524FDBEBC0058C184 /* XCRemoteSwiftPackageReference "modal-view" */ = {
			isa = XCRemoteSwiftPackageReference;
			repositoryURL = "https://github.com/diniska/modal-view";
			requirement = {
				branch = master;
				kind = branch;
			};
		};
		E9AF017D24FDC19D0058C184 /* XCRemoteSwiftPackageReference "url-image" */ = {
			isa = XCRemoteSwiftPackageReference;
			repositoryURL = "https://github.com/dmytro-anokhin/url-image";
			requirement = {
				kind = upToNextMajorVersion;
				minimumVersion = 0.9.19;
			};
		};
		E9AF019324FDEC700058C184 /* XCRemoteSwiftPackageReference "FeedKit" */ = {
			isa = XCRemoteSwiftPackageReference;
			repositoryURL = "https://github.com/nmdias/FeedKit";
			requirement = {
				kind = upToNextMajorVersion;
				minimumVersion = 9.1.2;
			};
		};
/* End XCRemoteSwiftPackageReference section */

/* Begin XCSwiftPackageProductDependency section */
		E90CE1B02538F93C00217B94 /* BetterSafariView */ = {
			isa = XCSwiftPackageProductDependency;
			package = E90CE1AF2538F93C00217B94 /* XCRemoteSwiftPackageReference "BetterSafariView" */;
			productName = BetterSafariView;
		};
		E9458A00254E27F20067BFE8 /* Fuzi */ = {
			isa = XCSwiftPackageProductDependency;
			package = E94589FF254E27F20067BFE8 /* XCRemoteSwiftPackageReference "Fuzi" */;
			productName = Fuzi;
		};
		E96D2884252EF3CF0002DBB4 /* SwiftUIListSeparator */ = {
			isa = XCSwiftPackageProductDependency;
			package = E96D2883252EF3CF0002DBB4 /* XCRemoteSwiftPackageReference "SwiftUIListSeparator" */;
			productName = SwiftUIListSeparator;
		};
		E9AF017624FDBEBC0058C184 /* ModalView */ = {
			isa = XCSwiftPackageProductDependency;
			package = E9AF017524FDBEBC0058C184 /* XCRemoteSwiftPackageReference "modal-view" */;
			productName = ModalView;
		};
		E9AF017E24FDC19D0058C184 /* URLImage */ = {
			isa = XCSwiftPackageProductDependency;
			package = E9AF017D24FDC19D0058C184 /* XCRemoteSwiftPackageReference "url-image" */;
			productName = URLImage;
		};
		E9AF019424FDEC700058C184 /* FeedKit */ = {
			isa = XCSwiftPackageProductDependency;
			package = E9AF019324FDEC700058C184 /* XCRemoteSwiftPackageReference "FeedKit" */;
			productName = FeedKit;
		};
/* End XCSwiftPackageProductDependency section */
	};
	rootObject = E9AF014924FDB8DD0058C184 /* Project object */;
}
