// !$*UTF8*$!
{
	archiveVersion = 1;
	classes = {
	};
	objectVersion = 53;
	objects = {

/* Begin PBXBuildFile section */
		27313E4C250ACD0F009876FA /* AirQualityBackend.swift in Sources */ = {isa = PBXBuildFile; fileRef = 27313E4B250ACD0F009876FA /* AirQualityBackend.swift */; };
		279FE6F825213216004AC147 /* PhoneBackend.swift in Sources */ = {isa = PBXBuildFile; fileRef = 279FE6F725213216004AC147 /* PhoneBackend.swift */; };
		279FE6FE25214AAE004AC147 /* PhoneView.swift in Sources */ = {isa = PBXBuildFile; fileRef = 279FE6FD25214AAE004AC147 /* PhoneView.swift */; };
		27BB5F9225098DFD0071F3FF /* AirQuality.swift in Sources */ = {isa = PBXBuildFile; fileRef = 27BB5F9125098DFD0071F3FF /* AirQuality.swift */; };
		6D10C7482717BCB3001A4B1C /* Option.swift in Sources */ = {isa = PBXBuildFile; fileRef = 6D10C7472717BCB3001A4B1C /* Option.swift */; };
		6D10C74C2717F8D7001A4B1C /* Page.swift in Sources */ = {isa = PBXBuildFile; fileRef = 6D10C74B2717F8D7001A4B1C /* Page.swift */; };
		6D10C74E2719371E001A4B1C /* MainView.swift in Sources */ = {isa = PBXBuildFile; fileRef = 6D10C74D2719371E001A4B1C /* MainView.swift */; };
		6D10C75027193972001A4B1C /* MainCard.swift in Sources */ = {isa = PBXBuildFile; fileRef = 6D10C74F27193972001A4B1C /* MainCard.swift */; };
		6D15C42726D1AC38008339F4 /* SymbolButton.swift in Sources */ = {isa = PBXBuildFile; fileRef = 6D15C42626D1AC38008339F4 /* SymbolButton.swift */; };
		6D2DE04B2555F3B100D07038 /* MoreButton.swift in Sources */ = {isa = PBXBuildFile; fileRef = 6D2DE04A2555F3B100D07038 /* MoreButton.swift */; };
		6D2DE04F2555F56200D07038 /* Caption.swift in Sources */ = {isa = PBXBuildFile; fileRef = 6D2DE04E2555F56200D07038 /* Caption.swift */; };
		6D38E8A5253B782F009096C9 /* UpdateLog.swift in Sources */ = {isa = PBXBuildFile; fileRef = 6D38E8A4253B782F009096C9 /* UpdateLog.swift */; };
		6D411A0B271CBFBA00432DE8 /* UIConstants.swift in Sources */ = {isa = PBXBuildFile; fileRef = 6D411A0A271CBFBA00432DE8 /* UIConstants.swift */; };
		6D411A1127213FD400432DE8 /* DataCard.swift in Sources */ = {isa = PBXBuildFile; fileRef = 6D411A1027213FD400432DE8 /* DataCard.swift */; };
		6D411A1B2723FA4700432DE8 /* DragBar.swift in Sources */ = {isa = PBXBuildFile; fileRef = 6D411A1A2723FA4700432DE8 /* DragBar.swift */; };
		6D52773D27250D44001128D5 /* AQCard.swift in Sources */ = {isa = PBXBuildFile; fileRef = 6D52773C27250D44001128D5 /* AQCard.swift */; };
		6D58B33B26B4F90C00311CF3 /* Blur.swift in Sources */ = {isa = PBXBuildFile; fileRef = 6D58B33A26B4F90C00311CF3 /* Blur.swift */; };
		6D7405D32509C85000F45BB2 /* AQMeter.swift in Sources */ = {isa = PBXBuildFile; fileRef = 6D7405D22509C85000F45BB2 /* AQMeter.swift */; };
		6D7405D62509CA1200F45BB2 /* AQView.swift in Sources */ = {isa = PBXBuildFile; fileRef = 6D7405D52509CA1200F45BB2 /* AQView.swift */; };
		6D77EB3B26CF53CA0057BB0E /* Hero.swift in Sources */ = {isa = PBXBuildFile; fileRef = 6D77EB3A26CF53CA0057BB0E /* Hero.swift */; };
		6D77EB3D26D1FAE30057BB0E /* GlossaryCards.swift in Sources */ = {isa = PBXBuildFile; fileRef = 6D77EB3C26D1FAE30057BB0E /* GlossaryCards.swift */; };
		6D77EB4326D3477A0057BB0E /* HeaderButton.swift in Sources */ = {isa = PBXBuildFile; fileRef = 6D77EB4226D3477A0057BB0E /* HeaderButton.swift */; };
		6D77EB4726D4C2F90057BB0E /* FirePin.swift in Sources */ = {isa = PBXBuildFile; fileRef = 6D77EB4626D4C2F90057BB0E /* FirePin.swift */; };
		6DA2FF302506AF6400C86F0C /* SettingsView.swift in Sources */ = {isa = PBXBuildFile; fileRef = 6DA2FF2F2506AF6400C86F0C /* SettingsView.swift */; };
		6DA2FF322506B00400C86F0C /* UnitsCard.swift in Sources */ = {isa = PBXBuildFile; fileRef = 6DA2FF312506B00400C86F0C /* UnitsCard.swift */; };
		6DA2FF362506B55E00C86F0C /* SettingsCards.swift in Sources */ = {isa = PBXBuildFile; fileRef = 6DA2FF352506B55E00C86F0C /* SettingsCards.swift */; };
		6DAFB1D027195ACD008F4D97 /* WebModal.swift in Sources */ = {isa = PBXBuildFile; fileRef = 6DAFB1CF27195ACD008F4D97 /* WebModal.swift */; };
		6DB9DE542722344F0079B13C /* FireInfoCard.swift in Sources */ = {isa = PBXBuildFile; fileRef = 6DB9DE532722344F0079B13C /* FireInfoCard.swift */; };
		6DBAD72525098F2700E2BCA9 /* AQData.swift in Sources */ = {isa = PBXBuildFile; fileRef = 6DBAD72425098F2700E2BCA9 /* AQData.swift */; };
		6DC18D072548ABA9001B1F49 /* FullFireMapView.swift in Sources */ = {isa = PBXBuildFile; fileRef = E97E26D8250813B300B939F3 /* FullFireMapView.swift */; };
		6DE79D252558B82E008397E9 /* RectButton.swift in Sources */ = {isa = PBXBuildFile; fileRef = 6DE79D242558B82E008397E9 /* RectButton.swift */; };
		6DE79D282558BADE008397E9 /* VerticalButton.swift in Sources */ = {isa = PBXBuildFile; fileRef = 6DE79D272558BADE008397E9 /* VerticalButton.swift */; };
		6DF6590C2510684100D47118 /* DataView.swift in Sources */ = {isa = PBXBuildFile; fileRef = 6DF6590B2510684100D47118 /* DataView.swift */; };
		6DF73D7D2502ACC00051E4A2 /* WordCard.swift in Sources */ = {isa = PBXBuildFile; fileRef = 6DF73D7C2502ACC00051E4A2 /* WordCard.swift */; };
		6DF73D7F2502AEAD0051E4A2 /* Header.swift in Sources */ = {isa = PBXBuildFile; fileRef = 6DF73D7E2502AEAD0051E4A2 /* Header.swift */; };
		D441CBD72A25668400D5E82A /* SafeAreaBlock.swift in Sources */ = {isa = PBXBuildFile; fileRef = D441CBD62A25668400D5E82A /* SafeAreaBlock.swift */; };
		D4F0A2EF2A21AEF200791D05 /* NavigationButton.swift in Sources */ = {isa = PBXBuildFile; fileRef = D4F0A2EE2A21AEF200791D05 /* NavigationButton.swift */; };
		E903803D2518749C0043DC53 /* StatusBarBackground.swift in Sources */ = {isa = PBXBuildFile; fileRef = E903803C2518749C0043DC53 /* StatusBarBackground.swift */; };
		E9073CAC2529096600FE43C2 /* Check.swift in Sources */ = {isa = PBXBuildFile; fileRef = E9073CAB2529096600FE43C2 /* Check.swift */; };
		E90CE1B12538F93C00217B94 /* BetterSafariView in Frameworks */ = {isa = PBXBuildFile; productRef = E90CE1B02538F93C00217B94 /* BetterSafariView */; };
		E941692925046E8D00DEFCB2 /* GlossaryTerms.swift in Sources */ = {isa = PBXBuildFile; fileRef = E941692825046E8D00DEFCB2 /* GlossaryTerms.swift */; };
		E941692D2504B2D800DEFCB2 /* CreditsView.swift in Sources */ = {isa = PBXBuildFile; fileRef = E941692C2504B2D800DEFCB2 /* CreditsView.swift */; };
		E9458A01254E27F20067BFE8 /* Fuzi in Frameworks */ = {isa = PBXBuildFile; productRef = E9458A00254E27F20067BFE8 /* Fuzi */; };
		E949CFA82517016F00AD467B /* LocationManager.swift in Sources */ = {isa = PBXBuildFile; fileRef = E949CFA72517016F00AD467B /* LocationManager.swift */; };
		E94C30C025075FF20019E1E4 /* SubHeader.swift in Sources */ = {isa = PBXBuildFile; fileRef = E94C30BF25075FF20019E1E4 /* SubHeader.swift */; };
		E97E26DE250837FD00B939F3 /* SearchUIKit.swift in Sources */ = {isa = PBXBuildFile; fileRef = E97E26DD250837FD00B939F3 /* SearchUIKit.swift */; };
		E97FA5FB2554FFC2009754AA /* MonitorFireCard.swift in Sources */ = {isa = PBXBuildFile; fileRef = E97FA5FA2554FFC2009754AA /* MonitorFireCard.swift */; };
		E985F5392503781E00A3BA83 /* GlossaryView.swift in Sources */ = {isa = PBXBuildFile; fileRef = E985F5382503781E00A3BA83 /* GlossaryView.swift */; };
		E9ABC4392532C3F200E2DE49 /* PhoneInfoView.swift in Sources */ = {isa = PBXBuildFile; fileRef = E9ABC4382532C3F200E2DE49 /* PhoneInfoView.swift */; };
		E9AF015524FDB8DD0058C184 /* AppDelegate.swift in Sources */ = {isa = PBXBuildFile; fileRef = E9AF015424FDB8DD0058C184 /* AppDelegate.swift */; };
		E9AF015724FDB8DD0058C184 /* SceneDelegate.swift in Sources */ = {isa = PBXBuildFile; fileRef = E9AF015624FDB8DD0058C184 /* SceneDelegate.swift */; };
		E9AF015924FDB8DD0058C184 /* ContentView.swift in Sources */ = {isa = PBXBuildFile; fileRef = E9AF015824FDB8DD0058C184 /* ContentView.swift */; };
		E9AF015B24FDB8DE0058C184 /* Assets.xcassets in Resources */ = {isa = PBXBuildFile; fileRef = E9AF015A24FDB8DE0058C184 /* Assets.xcassets */; };
		E9AF015E24FDB8DE0058C184 /* Preview Assets.xcassets in Resources */ = {isa = PBXBuildFile; fileRef = E9AF015D24FDB8DE0058C184 /* Preview Assets.xcassets */; };
		E9AF016124FDB8DE0058C184 /* LaunchScreen.storyboard in Resources */ = {isa = PBXBuildFile; fileRef = E9AF015F24FDB8DE0058C184 /* LaunchScreen.storyboard */; };
		E9AF016A24FDBBEB0058C184 /* FiresView.swift in Sources */ = {isa = PBXBuildFile; fileRef = E9AF016924FDBBEB0058C184 /* FiresView.swift */; };
		E9AF016E24FDBC090058C184 /* NewsView.swift in Sources */ = {isa = PBXBuildFile; fileRef = E9AF016D24FDBC090058C184 /* NewsView.swift */; };
		E9AF017124FDBC290058C184 /* NewsBackend.swift in Sources */ = {isa = PBXBuildFile; fileRef = E9AF017024FDBC290058C184 /* NewsBackend.swift */; };
		E9AF017424FDBC870058C184 /* News.swift in Sources */ = {isa = PBXBuildFile; fileRef = E9AF017324FDBC870058C184 /* News.swift */; };
		E9AF018424FDC3800058C184 /* NewsCard.swift in Sources */ = {isa = PBXBuildFile; fileRef = E9AF018324FDC3800058C184 /* NewsCard.swift */; };
		E9AF019524FDEC700058C184 /* FeedKit in Frameworks */ = {isa = PBXBuildFile; productRef = E9AF019424FDEC700058C184 /* FeedKit */; };
		E9B5210D271DFB6E00F89CE3 /* FullFireMapController.swift in Sources */ = {isa = PBXBuildFile; fileRef = E9B5210C271DFB6E00F89CE3 /* FullFireMapController.swift */; };
		E9C41A81255501B500AC3052 /* PhoneCard.swift in Sources */ = {isa = PBXBuildFile; fileRef = E9C41A80255501B500AC3052 /* PhoneCard.swift */; };
		E9C41A88255502D500AC3052 /* ProfileCircle.swift in Sources */ = {isa = PBXBuildFile; fileRef = E9C41A87255502D500AC3052 /* ProfileCircle.swift */; };
		E9C41A8D2555032000AC3052 /* VersionCard.swift in Sources */ = {isa = PBXBuildFile; fileRef = E9C41A8C2555032000AC3052 /* VersionCard.swift */; };
		E9C41A902555033B00AC3052 /* VersionDot.swift in Sources */ = {isa = PBXBuildFile; fileRef = E9C41A8F2555033B00AC3052 /* VersionDot.swift */; };
		E9C41A932555035900AC3052 /* VersionDotSoon.swift in Sources */ = {isa = PBXBuildFile; fileRef = E9C41A922555035900AC3052 /* VersionDotSoon.swift */; };
		E9CE22A52502F48700929D13 /* Extensions.swift in Sources */ = {isa = PBXBuildFile; fileRef = E9CE22A42502F48700929D13 /* Extensions.swift */; };
		E9CE22A7250308F900929D13 /* FireCard.swift in Sources */ = {isa = PBXBuildFile; fileRef = E9CE22A6250308F900929D13 /* FireCard.swift */; };
		E9E31A8A250E958B007FF855 /* Progress.swift in Sources */ = {isa = PBXBuildFile; fileRef = E9E31A89250E958B007FF855 /* Progress.swift */; };
		E9E769ED25031681006038FD /* ButtonStyles.swift in Sources */ = {isa = PBXBuildFile; fileRef = E9E769EC25031681006038FD /* ButtonStyles.swift */; };
		E9E769EF250319F4006038FD /* InformationView.swift in Sources */ = {isa = PBXBuildFile; fileRef = E9E769EE250319F4006038FD /* InformationView.swift */; };
		E9F222E425005A5700EC5A06 /* FiresBackend.swift in Sources */ = {isa = PBXBuildFile; fileRef = E9F222E325005A5700EC5A06 /* FiresBackend.swift */; };
		E9F222E625005BEB00EC5A06 /* ForestFire.swift in Sources */ = {isa = PBXBuildFile; fileRef = E9F222E525005BEB00EC5A06 /* ForestFire.swift */; };
		E9F222E82500886800EC5A06 /* DateExtension.swift in Sources */ = {isa = PBXBuildFile; fileRef = E9F222E72500886800EC5A06 /* DateExtension.swift */; };
		E9F222EB2500C4A800EC5A06 /* FireMapView.swift in Sources */ = {isa = PBXBuildFile; fileRef = E9F222EA2500C4A800EC5A06 /* FireMapView.swift */; };
		E9FE47152723FB4C0050D382 /* LegacyTextView.swift in Sources */ = {isa = PBXBuildFile; fileRef = E9FE47142723FB4C0050D382 /* LegacyTextView.swift */; };
		E9FE47172724F5F90050D382 /* MapAnnotationProtocol.swift in Sources */ = {isa = PBXBuildFile; fileRef = E9FE47162724F5F90050D382 /* MapAnnotationProtocol.swift */; };
/* End PBXBuildFile section */

/* Begin PBXCopyFilesBuildPhase section */
		E9AAFC3C255122B700BE1E45 /* Embed Watch Content */ = {
			isa = PBXCopyFilesBuildPhase;
			buildActionMask = 2147483647;
			dstPath = "$(CONTENTS_FOLDER_PATH)/Watch";
			dstSubfolderSpec = 16;
			files = (
			);
			name = "Embed Watch Content";
			runOnlyForDeploymentPostprocessing = 0;
		};
		E9E31AC7250EDF19007FF855 /* Embed Foundation Extensions */ = {
			isa = PBXCopyFilesBuildPhase;
			buildActionMask = 2147483647;
			dstPath = "";
			dstSubfolderSpec = 13;
			files = (
			);
			name = "Embed Foundation Extensions";
			runOnlyForDeploymentPostprocessing = 0;
		};
/* End PBXCopyFilesBuildPhase section */

/* Begin PBXFileReference section */
		27313E4B250ACD0F009876FA /* AirQualityBackend.swift */ = {isa = PBXFileReference; lastKnownFileType = sourcecode.swift; path = AirQualityBackend.swift; sourceTree = "<group>"; };
		279FE6F725213216004AC147 /* PhoneBackend.swift */ = {isa = PBXFileReference; lastKnownFileType = sourcecode.swift; path = PhoneBackend.swift; sourceTree = "<group>"; };
		279FE6FD25214AAE004AC147 /* PhoneView.swift */ = {isa = PBXFileReference; lastKnownFileType = sourcecode.swift; path = PhoneView.swift; sourceTree = "<group>"; };
		27BB5F9125098DFD0071F3FF /* AirQuality.swift */ = {isa = PBXFileReference; lastKnownFileType = sourcecode.swift; path = AirQuality.swift; sourceTree = "<group>"; };
		6D10C7472717BCB3001A4B1C /* Option.swift */ = {isa = PBXFileReference; lastKnownFileType = sourcecode.swift; path = Option.swift; sourceTree = "<group>"; };
		6D10C74B2717F8D7001A4B1C /* Page.swift */ = {isa = PBXFileReference; lastKnownFileType = sourcecode.swift; path = Page.swift; sourceTree = "<group>"; };
		6D10C74D2719371E001A4B1C /* MainView.swift */ = {isa = PBXFileReference; lastKnownFileType = sourcecode.swift; path = MainView.swift; sourceTree = "<group>"; };
		6D10C74F27193972001A4B1C /* MainCard.swift */ = {isa = PBXFileReference; lastKnownFileType = sourcecode.swift; path = MainCard.swift; sourceTree = "<group>"; };
		6D15C42626D1AC38008339F4 /* SymbolButton.swift */ = {isa = PBXFileReference; lastKnownFileType = sourcecode.swift; path = SymbolButton.swift; sourceTree = "<group>"; };
		6D2DE04A2555F3B100D07038 /* MoreButton.swift */ = {isa = PBXFileReference; lastKnownFileType = sourcecode.swift; path = MoreButton.swift; sourceTree = "<group>"; };
		6D2DE04E2555F56200D07038 /* Caption.swift */ = {isa = PBXFileReference; lastKnownFileType = sourcecode.swift; path = Caption.swift; sourceTree = "<group>"; };
		6D38E8A4253B782F009096C9 /* UpdateLog.swift */ = {isa = PBXFileReference; lastKnownFileType = sourcecode.swift; path = UpdateLog.swift; sourceTree = "<group>"; };
		6D411A0A271CBFBA00432DE8 /* UIConstants.swift */ = {isa = PBXFileReference; lastKnownFileType = sourcecode.swift; path = UIConstants.swift; sourceTree = "<group>"; };
		6D411A1027213FD400432DE8 /* DataCard.swift */ = {isa = PBXFileReference; lastKnownFileType = sourcecode.swift; path = DataCard.swift; sourceTree = "<group>"; };
		6D411A1A2723FA4700432DE8 /* DragBar.swift */ = {isa = PBXFileReference; lastKnownFileType = sourcecode.swift; path = DragBar.swift; sourceTree = "<group>"; };
		6D52773C27250D44001128D5 /* AQCard.swift */ = {isa = PBXFileReference; lastKnownFileType = sourcecode.swift; path = AQCard.swift; sourceTree = "<group>"; };
		6D58B33A26B4F90C00311CF3 /* Blur.swift */ = {isa = PBXFileReference; lastKnownFileType = sourcecode.swift; path = Blur.swift; sourceTree = "<group>"; };
		6D7405D22509C85000F45BB2 /* AQMeter.swift */ = {isa = PBXFileReference; lastKnownFileType = sourcecode.swift; path = AQMeter.swift; sourceTree = "<group>"; };
		6D7405D52509CA1200F45BB2 /* AQView.swift */ = {isa = PBXFileReference; lastKnownFileType = sourcecode.swift; path = AQView.swift; sourceTree = "<group>"; };
		6D77EB3A26CF53CA0057BB0E /* Hero.swift */ = {isa = PBXFileReference; lastKnownFileType = sourcecode.swift; path = Hero.swift; sourceTree = "<group>"; };
		6D77EB3C26D1FAE30057BB0E /* GlossaryCards.swift */ = {isa = PBXFileReference; lastKnownFileType = sourcecode.swift; path = GlossaryCards.swift; sourceTree = "<group>"; };
		6D77EB4226D3477A0057BB0E /* HeaderButton.swift */ = {isa = PBXFileReference; lastKnownFileType = sourcecode.swift; path = HeaderButton.swift; sourceTree = "<group>"; };
		6D77EB4626D4C2F90057BB0E /* FirePin.swift */ = {isa = PBXFileReference; lastKnownFileType = sourcecode.swift; path = FirePin.swift; sourceTree = "<group>"; };
		6DA2FF2F2506AF6400C86F0C /* SettingsView.swift */ = {isa = PBXFileReference; lastKnownFileType = sourcecode.swift; path = SettingsView.swift; sourceTree = "<group>"; };
		6DA2FF312506B00400C86F0C /* UnitsCard.swift */ = {isa = PBXFileReference; lastKnownFileType = sourcecode.swift; path = UnitsCard.swift; sourceTree = "<group>"; };
		6DA2FF352506B55E00C86F0C /* SettingsCards.swift */ = {isa = PBXFileReference; lastKnownFileType = sourcecode.swift; path = SettingsCards.swift; sourceTree = "<group>"; };
		6DAFB1CF27195ACD008F4D97 /* WebModal.swift */ = {isa = PBXFileReference; lastKnownFileType = sourcecode.swift; path = WebModal.swift; sourceTree = "<group>"; };
		6DB9DE532722344F0079B13C /* FireInfoCard.swift */ = {isa = PBXFileReference; lastKnownFileType = sourcecode.swift; path = FireInfoCard.swift; sourceTree = "<group>"; };
		6DBAD72425098F2700E2BCA9 /* AQData.swift */ = {isa = PBXFileReference; lastKnownFileType = sourcecode.swift; path = AQData.swift; sourceTree = "<group>"; };
		6DE79D242558B82E008397E9 /* RectButton.swift */ = {isa = PBXFileReference; lastKnownFileType = sourcecode.swift; path = RectButton.swift; sourceTree = "<group>"; };
		6DE79D272558BADE008397E9 /* VerticalButton.swift */ = {isa = PBXFileReference; lastKnownFileType = sourcecode.swift; path = VerticalButton.swift; sourceTree = "<group>"; };
		6DF6590B2510684100D47118 /* DataView.swift */ = {isa = PBXFileReference; lastKnownFileType = sourcecode.swift; path = DataView.swift; sourceTree = "<group>"; };
		6DF73D7C2502ACC00051E4A2 /* WordCard.swift */ = {isa = PBXFileReference; lastKnownFileType = sourcecode.swift; path = WordCard.swift; sourceTree = "<group>"; };
		6DF73D7E2502AEAD0051E4A2 /* Header.swift */ = {isa = PBXFileReference; lastKnownFileType = sourcecode.swift; path = Header.swift; sourceTree = "<group>"; };
		D441CBD62A25668400D5E82A /* SafeAreaBlock.swift */ = {isa = PBXFileReference; lastKnownFileType = sourcecode.swift; path = SafeAreaBlock.swift; sourceTree = "<group>"; };
		D4F0A2EE2A21AEF200791D05 /* NavigationButton.swift */ = {isa = PBXFileReference; lastKnownFileType = sourcecode.swift; path = NavigationButton.swift; sourceTree = "<group>"; };
		E903803C2518749C0043DC53 /* StatusBarBackground.swift */ = {isa = PBXFileReference; lastKnownFileType = sourcecode.swift; path = StatusBarBackground.swift; sourceTree = "<group>"; };
		E9073CAB2529096600FE43C2 /* Check.swift */ = {isa = PBXFileReference; lastKnownFileType = sourcecode.swift; path = Check.swift; sourceTree = "<group>"; };
		E91EB47B25393E63006F03C2 /* Blaze.entitlements */ = {isa = PBXFileReference; lastKnownFileType = text.plist.entitlements; path = Blaze.entitlements; sourceTree = "<group>"; };
		E941692825046E8D00DEFCB2 /* GlossaryTerms.swift */ = {isa = PBXFileReference; lastKnownFileType = sourcecode.swift; path = GlossaryTerms.swift; sourceTree = "<group>"; };
		E941692C2504B2D800DEFCB2 /* CreditsView.swift */ = {isa = PBXFileReference; lastKnownFileType = sourcecode.swift; path = CreditsView.swift; sourceTree = "<group>"; };
		E949CFA72517016F00AD467B /* LocationManager.swift */ = {isa = PBXFileReference; lastKnownFileType = sourcecode.swift; path = LocationManager.swift; sourceTree = "<group>"; };
		E94C30BF25075FF20019E1E4 /* SubHeader.swift */ = {isa = PBXFileReference; lastKnownFileType = sourcecode.swift; path = SubHeader.swift; sourceTree = "<group>"; };
		E97E26D8250813B300B939F3 /* FullFireMapView.swift */ = {isa = PBXFileReference; lastKnownFileType = sourcecode.swift; path = FullFireMapView.swift; sourceTree = "<group>"; };
		E97E26DD250837FD00B939F3 /* SearchUIKit.swift */ = {isa = PBXFileReference; lastKnownFileType = sourcecode.swift; path = SearchUIKit.swift; sourceTree = "<group>"; };
		E97FA5FA2554FFC2009754AA /* MonitorFireCard.swift */ = {isa = PBXFileReference; lastKnownFileType = sourcecode.swift; path = MonitorFireCard.swift; sourceTree = "<group>"; };
		E985F5382503781E00A3BA83 /* GlossaryView.swift */ = {isa = PBXFileReference; lastKnownFileType = sourcecode.swift; path = GlossaryView.swift; sourceTree = "<group>"; };
		E9ABC4382532C3F200E2DE49 /* PhoneInfoView.swift */ = {isa = PBXFileReference; lastKnownFileType = sourcecode.swift; path = PhoneInfoView.swift; sourceTree = "<group>"; };
		E9AF015124FDB8DD0058C184 /* Blaze.app */ = {isa = PBXFileReference; explicitFileType = wrapper.application; includeInIndex = 0; path = Blaze.app; sourceTree = BUILT_PRODUCTS_DIR; };
		E9AF015424FDB8DD0058C184 /* AppDelegate.swift */ = {isa = PBXFileReference; lastKnownFileType = sourcecode.swift; path = AppDelegate.swift; sourceTree = "<group>"; };
		E9AF015624FDB8DD0058C184 /* SceneDelegate.swift */ = {isa = PBXFileReference; lastKnownFileType = sourcecode.swift; path = SceneDelegate.swift; sourceTree = "<group>"; };
		E9AF015824FDB8DD0058C184 /* ContentView.swift */ = {isa = PBXFileReference; lastKnownFileType = sourcecode.swift; path = ContentView.swift; sourceTree = "<group>"; };
		E9AF015A24FDB8DE0058C184 /* Assets.xcassets */ = {isa = PBXFileReference; lastKnownFileType = folder.assetcatalog; path = Assets.xcassets; sourceTree = "<group>"; };
		E9AF015D24FDB8DE0058C184 /* Preview Assets.xcassets */ = {isa = PBXFileReference; lastKnownFileType = folder.assetcatalog; path = "Preview Assets.xcassets"; sourceTree = "<group>"; };
		E9AF016024FDB8DE0058C184 /* Base */ = {isa = PBXFileReference; lastKnownFileType = file.storyboard; name = Base; path = Base.lproj/LaunchScreen.storyboard; sourceTree = "<group>"; };
		E9AF016224FDB8DE0058C184 /* Info.plist */ = {isa = PBXFileReference; lastKnownFileType = text.plist.xml; path = Info.plist; sourceTree = "<group>"; };
		E9AF016924FDBBEB0058C184 /* FiresView.swift */ = {isa = PBXFileReference; lastKnownFileType = sourcecode.swift; path = FiresView.swift; sourceTree = "<group>"; xcLanguageSpecificationIdentifier = xcode.lang.swift; };
		E9AF016D24FDBC090058C184 /* NewsView.swift */ = {isa = PBXFileReference; lastKnownFileType = sourcecode.swift; path = NewsView.swift; sourceTree = "<group>"; };
		E9AF017024FDBC290058C184 /* NewsBackend.swift */ = {isa = PBXFileReference; lastKnownFileType = sourcecode.swift; path = NewsBackend.swift; sourceTree = "<group>"; };
		E9AF017324FDBC870058C184 /* News.swift */ = {isa = PBXFileReference; lastKnownFileType = sourcecode.swift; path = News.swift; sourceTree = "<group>"; };
		E9AF018324FDC3800058C184 /* NewsCard.swift */ = {isa = PBXFileReference; lastKnownFileType = sourcecode.swift; path = NewsCard.swift; sourceTree = "<group>"; };
		E9B5210C271DFB6E00F89CE3 /* FullFireMapController.swift */ = {isa = PBXFileReference; lastKnownFileType = sourcecode.swift; path = FullFireMapController.swift; sourceTree = "<group>"; };
		E9C41A80255501B500AC3052 /* PhoneCard.swift */ = {isa = PBXFileReference; lastKnownFileType = sourcecode.swift; path = PhoneCard.swift; sourceTree = "<group>"; };
		E9C41A87255502D500AC3052 /* ProfileCircle.swift */ = {isa = PBXFileReference; lastKnownFileType = sourcecode.swift; path = ProfileCircle.swift; sourceTree = "<group>"; };
		E9C41A8C2555032000AC3052 /* VersionCard.swift */ = {isa = PBXFileReference; lastKnownFileType = sourcecode.swift; path = VersionCard.swift; sourceTree = "<group>"; };
		E9C41A8F2555033B00AC3052 /* VersionDot.swift */ = {isa = PBXFileReference; lastKnownFileType = sourcecode.swift; path = VersionDot.swift; sourceTree = "<group>"; };
		E9C41A922555035900AC3052 /* VersionDotSoon.swift */ = {isa = PBXFileReference; lastKnownFileType = sourcecode.swift; path = VersionDotSoon.swift; sourceTree = "<group>"; };
		E9CE22A42502F48700929D13 /* Extensions.swift */ = {isa = PBXFileReference; lastKnownFileType = sourcecode.swift; path = Extensions.swift; sourceTree = "<group>"; };
		E9CE22A6250308F900929D13 /* FireCard.swift */ = {isa = PBXFileReference; lastKnownFileType = sourcecode.swift; path = FireCard.swift; sourceTree = "<group>"; };
		E9E31A89250E958B007FF855 /* Progress.swift */ = {isa = PBXFileReference; lastKnownFileType = sourcecode.swift; path = Progress.swift; sourceTree = "<group>"; };
		E9E31A93250EDD41007FF855 /* WidgetKit.framework */ = {isa = PBXFileReference; lastKnownFileType = wrapper.framework; name = WidgetKit.framework; path = System/Library/Frameworks/WidgetKit.framework; sourceTree = SDKROOT; };
		E9E31A95250EDD41007FF855 /* SwiftUI.framework */ = {isa = PBXFileReference; lastKnownFileType = wrapper.framework; name = SwiftUI.framework; path = System/Library/Frameworks/SwiftUI.framework; sourceTree = SDKROOT; };
		E9E769EC25031681006038FD /* ButtonStyles.swift */ = {isa = PBXFileReference; lastKnownFileType = sourcecode.swift; path = ButtonStyles.swift; sourceTree = "<group>"; };
		E9E769EE250319F4006038FD /* InformationView.swift */ = {isa = PBXFileReference; lastKnownFileType = sourcecode.swift; path = InformationView.swift; sourceTree = "<group>"; };
		E9F222E325005A5700EC5A06 /* FiresBackend.swift */ = {isa = PBXFileReference; lastKnownFileType = sourcecode.swift; path = FiresBackend.swift; sourceTree = "<group>"; };
		E9F222E525005BEB00EC5A06 /* ForestFire.swift */ = {isa = PBXFileReference; lastKnownFileType = sourcecode.swift; path = ForestFire.swift; sourceTree = "<group>"; };
		E9F222E72500886800EC5A06 /* DateExtension.swift */ = {isa = PBXFileReference; lastKnownFileType = sourcecode.swift; path = DateExtension.swift; sourceTree = "<group>"; };
		E9F222EA2500C4A800EC5A06 /* FireMapView.swift */ = {isa = PBXFileReference; lastKnownFileType = sourcecode.swift; path = FireMapView.swift; sourceTree = "<group>"; };
		E9FE47142723FB4C0050D382 /* LegacyTextView.swift */ = {isa = PBXFileReference; lastKnownFileType = sourcecode.swift; path = LegacyTextView.swift; sourceTree = "<group>"; };
		E9FE47162724F5F90050D382 /* MapAnnotationProtocol.swift */ = {isa = PBXFileReference; lastKnownFileType = sourcecode.swift; path = MapAnnotationProtocol.swift; sourceTree = "<group>"; };
/* End PBXFileReference section */

/* Begin PBXFrameworksBuildPhase section */
		E9AF014E24FDB8DD0058C184 /* Frameworks */ = {
			isa = PBXFrameworksBuildPhase;
			buildActionMask = 2147483647;
			files = (
				E9458A01254E27F20067BFE8 /* Fuzi in Frameworks */,
				E9AF019524FDEC700058C184 /* FeedKit in Frameworks */,
				E90CE1B12538F93C00217B94 /* BetterSafariView in Frameworks */,
			);
			runOnlyForDeploymentPostprocessing = 0;
		};
/* End PBXFrameworksBuildPhase section */

/* Begin PBXGroup section */
		6D10C7532719538E001A4B1C /* Cards */ = {
			isa = PBXGroup;
			children = (
				E9CE22A6250308F900929D13 /* FireCard.swift */,
				6DB9DE532722344F0079B13C /* FireInfoCard.swift */,
				E97FA5FA2554FFC2009754AA /* MonitorFireCard.swift */,
			);
			path = Cards;
			sourceTree = "<group>";
		};
		6D10C7542719539B001A4B1C /* Cards */ = {
			isa = PBXGroup;
			children = (
				6D77EB3C26D1FAE30057BB0E /* GlossaryCards.swift */,
				6DF73D7C2502ACC00051E4A2 /* WordCard.swift */,
			);
			path = Cards;
			sourceTree = "<group>";
		};
		6D10C755271953A4001A4B1C /* Cards */ = {
			isa = PBXGroup;
			children = (
				E9AF018324FDC3800058C184 /* NewsCard.swift */,
			);
			path = Cards;
			sourceTree = "<group>";
		};
		6D6362CF25534DC0005A18A8 /* Navigation */ = {
			isa = PBXGroup;
			children = (
				6D2DE04A2555F3B100D07038 /* MoreButton.swift */,
				6DE79D272558BADE008397E9 /* VerticalButton.swift */,
				6DE79D242558B82E008397E9 /* RectButton.swift */,
				6D15C42626D1AC38008339F4 /* SymbolButton.swift */,
				6D77EB4226D3477A0057BB0E /* HeaderButton.swift */,
				D4F0A2EE2A21AEF200791D05 /* NavigationButton.swift */,
			);
			path = Navigation;
			sourceTree = "<group>";
		};
		6D7405D42509CA0300F45BB2 /* AQ */ = {
			isa = PBXGroup;
			children = (
				6D7405D52509CA1200F45BB2 /* AQView.swift */,
				6D52773C27250D44001128D5 /* AQCard.swift */,
				6DBAD72425098F2700E2BCA9 /* AQData.swift */,
				6D7405D22509C85000F45BB2 /* AQMeter.swift */,
			);
			path = AQ;
			sourceTree = "<group>";
		};
		6DA2FF2E2506AF5400C86F0C /* Settings */ = {
			isa = PBXGroup;
			children = (
				E9C41A8B2555030600AC3052 /* UpdateLog */,
				E9C41A86255502C400AC3052 /* Credits */,
				6DA2FF352506B55E00C86F0C /* SettingsCards.swift */,
				6DA2FF2F2506AF6400C86F0C /* SettingsView.swift */,
				6DA2FF312506B00400C86F0C /* UnitsCard.swift */,
			);
			path = Settings;
			sourceTree = "<group>";
		};
		E97E26DC250837E000B939F3 /* UIKit Search Functionality */ = {
			isa = PBXGroup;
			children = (
				E97E26DD250837FD00B939F3 /* SearchUIKit.swift */,
			);
			path = "UIKit Search Functionality";
			sourceTree = "<group>";
		};
		E985F5372503781300A3BA83 /* Glossary */ = {
			isa = PBXGroup;
			children = (
				6D10C7542719539B001A4B1C /* Cards */,
				E985F5382503781E00A3BA83 /* GlossaryView.swift */,
			);
			path = Glossary;
			sourceTree = "<group>";
		};
		E9ABC4372532C3D100E2DE49 /* Phone */ = {
			isa = PBXGroup;
			children = (
				E9C41A80255501B500AC3052 /* PhoneCard.swift */,
				E9ABC4382532C3F200E2DE49 /* PhoneInfoView.swift */,
				279FE6FD25214AAE004AC147 /* PhoneView.swift */,
			);
			path = Phone;
			sourceTree = "<group>";
		};
		E9AF014824FDB8DD0058C184 = {
			isa = PBXGroup;
			children = (
				E9AF015324FDB8DD0058C184 /* Blaze */,
				E9E31A92250EDD41007FF855 /* Frameworks */,
				E9AF015224FDB8DD0058C184 /* Products */,
			);
			sourceTree = "<group>";
		};
		E9AF015224FDB8DD0058C184 /* Products */ = {
			isa = PBXGroup;
			children = (
				E9AF015124FDB8DD0058C184 /* Blaze.app */,
			);
			name = Products;
			sourceTree = "<group>";
		};
		E9AF015324FDB8DD0058C184 /* Blaze */ = {
			isa = PBXGroup;
			children = (
				E91EB47B25393E63006F03C2 /* Blaze.entitlements */,
				E9AF016224FDB8DE0058C184 /* Info.plist */,
				E9AF015424FDB8DD0058C184 /* AppDelegate.swift */,
				E9AF015824FDB8DD0058C184 /* ContentView.swift */,
				6D411A0A271CBFBA00432DE8 /* UIConstants.swift */,
				E9AF015624FDB8DD0058C184 /* SceneDelegate.swift */,
				E9AF015A24FDB8DE0058C184 /* Assets.xcassets */,
				E9AF015F24FDB8DE0058C184 /* LaunchScreen.storyboard */,
				E9AF016F24FDBC120058C184 /* Backend */,
				E9AF017224FDBC7B0058C184 /* Classes and Extensions */,
				E9AF019024FDE5DF0058C184 /* Elements */,
				E9AF015C24FDB8DE0058C184 /* Preview Content */,
				E9AF016824FDBBDA0058C184 /* Views */,
				D441CBD62A25668400D5E82A /* SafeAreaBlock.swift */,
			);
			path = Blaze;
			sourceTree = "<group>";
		};
		E9AF015C24FDB8DE0058C184 /* Preview Content */ = {
			isa = PBXGroup;
			children = (
				E9AF015D24FDB8DE0058C184 /* Preview Assets.xcassets */,
			);
			path = "Preview Content";
			sourceTree = "<group>";
		};
		E9AF016824FDBBDA0058C184 /* Views */ = {
			isa = PBXGroup;
			children = (
				6D10C74D2719371E001A4B1C /* MainView.swift */,
				6D7405D42509CA0300F45BB2 /* AQ */,
				E9AF017824FDC0BF0058C184 /* Fires */,
				E985F5372503781300A3BA83 /* Glossary */,
				E9F222E92500C49E00EC5A06 /* Maps */,
				E9AF017B24FDC0E20058C184 /* News */,
				E9ABC4372532C3D100E2DE49 /* Phone */,
				E9AF017A24FDC0DC0058C184 /* Search */,
				6DA2FF2E2506AF5400C86F0C /* Settings */,
			);
			path = Views;
			sourceTree = "<group>";
		};
		E9AF016F24FDBC120058C184 /* Backend */ = {
			isa = PBXGroup;
			children = (
				27313E4B250ACD0F009876FA /* AirQualityBackend.swift */,
				E9F222E325005A5700EC5A06 /* FiresBackend.swift */,
				E941692825046E8D00DEFCB2 /* GlossaryTerms.swift */,
				E949CFA72517016F00AD467B /* LocationManager.swift */,
				E9AF017024FDBC290058C184 /* NewsBackend.swift */,
				279FE6F725213216004AC147 /* PhoneBackend.swift */,
			);
			path = Backend;
			sourceTree = "<group>";
		};
		E9AF017224FDBC7B0058C184 /* Classes and Extensions */ = {
			isa = PBXGroup;
			children = (
				27BB5F9125098DFD0071F3FF /* AirQuality.swift */,
				E9E769EC25031681006038FD /* ButtonStyles.swift */,
				E9F222E72500886800EC5A06 /* DateExtension.swift */,
				E9CE22A42502F48700929D13 /* Extensions.swift */,
				E9F222E525005BEB00EC5A06 /* ForestFire.swift */,
				E9AF017324FDBC870058C184 /* News.swift */,
				6D58B33A26B4F90C00311CF3 /* Blur.swift */,
				6D10C74B2717F8D7001A4B1C /* Page.swift */,
				E9FE47142723FB4C0050D382 /* LegacyTextView.swift */,
				E9FE47162724F5F90050D382 /* MapAnnotationProtocol.swift */,
			);
			path = "Classes and Extensions";
			sourceTree = "<group>";
		};
		E9AF017824FDC0BF0058C184 /* Fires */ = {
			isa = PBXGroup;
			children = (
				6D10C7532719538E001A4B1C /* Cards */,
				6DF6590B2510684100D47118 /* DataView.swift */,
				E9AF016924FDBBEB0058C184 /* FiresView.swift */,
				E9E769EE250319F4006038FD /* InformationView.swift */,
			);
			path = Fires;
			sourceTree = "<group>";
		};
		E9AF017A24FDC0DC0058C184 /* Search */ = {
			isa = PBXGroup;
			children = (
				E97E26DC250837E000B939F3 /* UIKit Search Functionality */,
			);
			path = Search;
			sourceTree = "<group>";
		};
		E9AF017B24FDC0E20058C184 /* News */ = {
			isa = PBXGroup;
			children = (
				6D10C755271953A4001A4B1C /* Cards */,
				E9AF016D24FDBC090058C184 /* NewsView.swift */,
				6DAFB1CF27195ACD008F4D97 /* WebModal.swift */,
			);
			path = News;
			sourceTree = "<group>";
		};
		E9AF019024FDE5DF0058C184 /* Elements */ = {
			isa = PBXGroup;
			children = (
				6D77EB3A26CF53CA0057BB0E /* Hero.swift */,
				E9073CAB2529096600FE43C2 /* Check.swift */,
				6DF73D7E2502AEAD0051E4A2 /* Header.swift */,
				E94C30BF25075FF20019E1E4 /* SubHeader.swift */,
				E9E31A89250E958B007FF855 /* Progress.swift */,
				E903803C2518749C0043DC53 /* StatusBarBackground.swift */,
				6D2DE04E2555F56200D07038 /* Caption.swift */,
				6D411A1A2723FA4700432DE8 /* DragBar.swift */,
				6D6362CF25534DC0005A18A8 /* Navigation */,
				6D77EB4626D4C2F90057BB0E /* FirePin.swift */,
				6D10C7472717BCB3001A4B1C /* Option.swift */,
				6D10C74F27193972001A4B1C /* MainCard.swift */,
				6D411A1027213FD400432DE8 /* DataCard.swift */,
			);
			path = Elements;
			sourceTree = "<group>";
		};
		E9C41A86255502C400AC3052 /* Credits */ = {
			isa = PBXGroup;
			children = (
				E941692C2504B2D800DEFCB2 /* CreditsView.swift */,
				E9C41A87255502D500AC3052 /* ProfileCircle.swift */,
			);
			path = Credits;
			sourceTree = "<group>";
		};
		E9C41A8B2555030600AC3052 /* UpdateLog */ = {
			isa = PBXGroup;
			children = (
				6D38E8A4253B782F009096C9 /* UpdateLog.swift */,
				E9C41A8C2555032000AC3052 /* VersionCard.swift */,
				E9C41A8F2555033B00AC3052 /* VersionDot.swift */,
				E9C41A922555035900AC3052 /* VersionDotSoon.swift */,
			);
			path = UpdateLog;
			sourceTree = "<group>";
		};
		E9E31A92250EDD41007FF855 /* Frameworks */ = {
			isa = PBXGroup;
			children = (
				E9E31A93250EDD41007FF855 /* WidgetKit.framework */,
				E9E31A95250EDD41007FF855 /* SwiftUI.framework */,
			);
			name = Frameworks;
			sourceTree = "<group>";
		};
		E9F222E92500C49E00EC5A06 /* Maps */ = {
			isa = PBXGroup;
			children = (
				E9F222EA2500C4A800EC5A06 /* FireMapView.swift */,
				E97E26D8250813B300B939F3 /* FullFireMapView.swift */,
				E9B5210C271DFB6E00F89CE3 /* FullFireMapController.swift */,
			);
			path = Maps;
			sourceTree = "<group>";
		};
/* End PBXGroup section */

/* Begin PBXNativeTarget section */
		E9AF015024FDB8DD0058C184 /* Blaze */ = {
			isa = PBXNativeTarget;
			buildConfigurationList = E9AF016524FDB8DE0058C184 /* Build configuration list for PBXNativeTarget "Blaze" */;
			buildPhases = (
				E9AF014D24FDB8DD0058C184 /* Sources */,
				E9AF014E24FDB8DD0058C184 /* Frameworks */,
				E9AF014F24FDB8DD0058C184 /* Resources */,
				E90CB5AD2508AD3D008EC502 /* ShellScript */,
				E9E31AC7250EDF19007FF855 /* Embed Foundation Extensions */,
				E93B4E7C2543CFD800D811A7 /* ShellScript */,
				E9AAFC3C255122B700BE1E45 /* Embed Watch Content */,
			);
			buildRules = (
			);
			dependencies = (
			);
			name = Blaze;
			packageProductDependencies = (
				E9AF019424FDEC700058C184 /* FeedKit */,
				E90CE1B02538F93C00217B94 /* BetterSafariView */,
				E9458A00254E27F20067BFE8 /* Fuzi */,
			);
			productName = Blaze;
			productReference = E9AF015124FDB8DD0058C184 /* Blaze.app */;
			productType = "com.apple.product-type.application";
		};
/* End PBXNativeTarget section */

/* Begin PBXProject section */
		E9AF014924FDB8DD0058C184 /* Project object */ = {
			isa = PBXProject;
			attributes = {
				BuildIndependentTargetsInParallel = YES;
				LastSwiftUpdateCheck = 1200;
				LastUpgradeCheck = 1430;
				TargetAttributes = {
					E9AF015024FDB8DD0058C184 = {
						CreatedOnToolsVersion = 12.0;
					};
				};
			};
			buildConfigurationList = E9AF014C24FDB8DD0058C184 /* Build configuration list for PBXProject "Blaze" */;
			compatibilityVersion = "Xcode 9.3";
			developmentRegion = en;
			hasScannedForEncodings = 0;
			knownRegions = (
				en,
				Base,
			);
			mainGroup = E9AF014824FDB8DD0058C184;
			packageReferences = (
				E9AF019324FDEC700058C184 /* XCRemoteSwiftPackageReference "FeedKit" */,
				E90CE1AF2538F93C00217B94 /* XCRemoteSwiftPackageReference "BetterSafariView" */,
				E94589FF254E27F20067BFE8 /* XCRemoteSwiftPackageReference "Fuzi" */,
			);
			productRefGroup = E9AF015224FDB8DD0058C184 /* Products */;
			projectDirPath = "";
			projectRoot = "";
			targets = (
				E9AF015024FDB8DD0058C184 /* Blaze */,
			);
		};
/* End PBXProject section */

/* Begin PBXResourcesBuildPhase section */
		E9AF014F24FDB8DD0058C184 /* Resources */ = {
			isa = PBXResourcesBuildPhase;
			buildActionMask = 2147483647;
			files = (
				E9AF016124FDB8DE0058C184 /* LaunchScreen.storyboard in Resources */,
				E9AF015E24FDB8DE0058C184 /* Preview Assets.xcassets in Resources */,
				E9AF015B24FDB8DE0058C184 /* Assets.xcassets in Resources */,
			);
			runOnlyForDeploymentPostprocessing = 0;
		};
/* End PBXResourcesBuildPhase section */

/* Begin PBXShellScriptBuildPhase section */
		E90CB5AD2508AD3D008EC502 /* ShellScript */ = {
			isa = PBXShellScriptBuildPhase;
			buildActionMask = 2147483647;
			files = (
			);
			inputFileListPaths = (
			);
			inputPaths = (
			);
			outputFileListPaths = (
			);
			outputPaths = (
			);
			runOnlyForDeploymentPostprocessing = 0;
			shellPath = /bin/sh;
			shellScript = "# Type a script or drag a script file from your workspace to insert its path.\nTAGS=\"TODO:|FIXME:\"\nERRORTAG=\"ERROR:\"\nfind \"${SRCROOT}\" \\( -name \"*.h\" -or -name \"*.m\" -or -name \"*.swift\" \\) -print0 | xargs -0 egrep --with-filename --line-number --only-matching \"($TAGS).*\\$|($ERRORTAG).*\\$\" | perl -p -e \"s/($TAGS)/ warning: \\$1/\" | perl -p -e \"s/($ERRORTAG)/ error: \\$1/\"\n";
		};
		E93B4E7C2543CFD800D811A7 /* ShellScript */ = {
			isa = PBXShellScriptBuildPhase;
			buildActionMask = 2147483647;
			files = (
			);
			inputFileListPaths = (
			);
			inputPaths = (
			);
			outputFileListPaths = (
			);
			outputPaths = (
			);
			runOnlyForDeploymentPostprocessing = 0;
			shellPath = /bin/sh;
			shellScript = "# Type a script or drag a script file from your workspace to insert its path.\nif which swiftlint >/dev/null; then\n  swiftlint\nelse\n  echo \"warning: SwiftLint not installed, download from https://github.com/realm/SwiftLint\"\nfi\n";
		};
/* End PBXShellScriptBuildPhase section */

/* Begin PBXSourcesBuildPhase section */
		E9AF014D24FDB8DD0058C184 /* Sources */ = {
			isa = PBXSourcesBuildPhase;
			buildActionMask = 2147483647;
			files = (
				6D77EB3D26D1FAE30057BB0E /* GlossaryCards.swift in Sources */,
				6D2DE04B2555F3B100D07038 /* MoreButton.swift in Sources */,
				6DA2FF302506AF6400C86F0C /* SettingsView.swift in Sources */,
				6D58B33B26B4F90C00311CF3 /* Blur.swift in Sources */,
				27313E4C250ACD0F009876FA /* AirQualityBackend.swift in Sources */,
				E97FA5FB2554FFC2009754AA /* MonitorFireCard.swift in Sources */,
				6DF73D7F2502AEAD0051E4A2 /* Header.swift in Sources */,
				E941692D2504B2D800DEFCB2 /* CreditsView.swift in Sources */,
				6D2DE04F2555F56200D07038 /* Caption.swift in Sources */,
				E9C41A932555035900AC3052 /* VersionDotSoon.swift in Sources */,
				E9ABC4392532C3F200E2DE49 /* PhoneInfoView.swift in Sources */,
				E94C30C025075FF20019E1E4 /* SubHeader.swift in Sources */,
				6D10C75027193972001A4B1C /* MainCard.swift in Sources */,
				6DB9DE542722344F0079B13C /* FireInfoCard.swift in Sources */,
				E9CE22A7250308F900929D13 /* FireCard.swift in Sources */,
				E9F222E425005A5700EC5A06 /* FiresBackend.swift in Sources */,
				E9F222E82500886800EC5A06 /* DateExtension.swift in Sources */,
				6DA2FF322506B00400C86F0C /* UnitsCard.swift in Sources */,
				E9073CAC2529096600FE43C2 /* Check.swift in Sources */,
				6D10C74E2719371E001A4B1C /* MainView.swift in Sources */,
				E9AF018424FDC3800058C184 /* NewsCard.swift in Sources */,
				6DF6590C2510684100D47118 /* DataView.swift in Sources */,
				6D10C74C2717F8D7001A4B1C /* Page.swift in Sources */,
				D4F0A2EF2A21AEF200791D05 /* NavigationButton.swift in Sources */,
				E9AF015524FDB8DD0058C184 /* AppDelegate.swift in Sources */,
				6DAFB1D027195ACD008F4D97 /* WebModal.swift in Sources */,
				E9CE22A52502F48700929D13 /* Extensions.swift in Sources */,
				E9AF017424FDBC870058C184 /* News.swift in Sources */,
				6DE79D282558BADE008397E9 /* VerticalButton.swift in Sources */,
				E9AF017124FDBC290058C184 /* NewsBackend.swift in Sources */,
				6D411A0B271CBFBA00432DE8 /* UIConstants.swift in Sources */,
				6D38E8A5253B782F009096C9 /* UpdateLog.swift in Sources */,
				E9B5210D271DFB6E00F89CE3 /* FullFireMapController.swift in Sources */,
				6DA2FF362506B55E00C86F0C /* SettingsCards.swift in Sources */,
				6D77EB4726D4C2F90057BB0E /* FirePin.swift in Sources */,
				E9AF015724FDB8DD0058C184 /* SceneDelegate.swift in Sources */,
				E9C41A88255502D500AC3052 /* ProfileCircle.swift in Sources */,
				6DC18D072548ABA9001B1F49 /* FullFireMapView.swift in Sources */,
				6D15C42726D1AC38008339F4 /* SymbolButton.swift in Sources */,
				E9C41A81255501B500AC3052 /* PhoneCard.swift in Sources */,
				E9F222EB2500C4A800EC5A06 /* FireMapView.swift in Sources */,
				E9E769ED25031681006038FD /* ButtonStyles.swift in Sources */,
				6DF73D7D2502ACC00051E4A2 /* WordCard.swift in Sources */,
				6DE79D252558B82E008397E9 /* RectButton.swift in Sources */,
				E9F222E625005BEB00EC5A06 /* ForestFire.swift in Sources */,
				E9AF016E24FDBC090058C184 /* NewsView.swift in Sources */,
				6D10C7482717BCB3001A4B1C /* Option.swift in Sources */,
				279FE6FE25214AAE004AC147 /* PhoneView.swift in Sources */,
				6D7405D62509CA1200F45BB2 /* AQView.swift in Sources */,
				279FE6F825213216004AC147 /* PhoneBackend.swift in Sources */,
				E9AF016A24FDBBEB0058C184 /* FiresView.swift in Sources */,
				6D7405D32509C85000F45BB2 /* AQMeter.swift in Sources */,
				6D411A1B2723FA4700432DE8 /* DragBar.swift in Sources */,
				E941692925046E8D00DEFCB2 /* GlossaryTerms.swift in Sources */,
				E9E769EF250319F4006038FD /* InformationView.swift in Sources */,
				E9E31A8A250E958B007FF855 /* Progress.swift in Sources */,
				E949CFA82517016F00AD467B /* LocationManager.swift in Sources */,
				D441CBD72A25668400D5E82A /* SafeAreaBlock.swift in Sources */,
				E97E26DE250837FD00B939F3 /* SearchUIKit.swift in Sources */,
				E985F5392503781E00A3BA83 /* GlossaryView.swift in Sources */,
				E9FE47172724F5F90050D382 /* MapAnnotationProtocol.swift in Sources */,
				E9AF015924FDB8DD0058C184 /* ContentView.swift in Sources */,
				6DBAD72525098F2700E2BCA9 /* AQData.swift in Sources */,
				E9C41A902555033B00AC3052 /* VersionDot.swift in Sources */,
				6D77EB3B26CF53CA0057BB0E /* Hero.swift in Sources */,
				E903803D2518749C0043DC53 /* StatusBarBackground.swift in Sources */,
				6D77EB4326D3477A0057BB0E /* HeaderButton.swift in Sources */,
				6D52773D27250D44001128D5 /* AQCard.swift in Sources */,
				6D411A1127213FD400432DE8 /* DataCard.swift in Sources */,
				E9FE47152723FB4C0050D382 /* LegacyTextView.swift in Sources */,
				E9C41A8D2555032000AC3052 /* VersionCard.swift in Sources */,
				27BB5F9225098DFD0071F3FF /* AirQuality.swift in Sources */,
			);
			runOnlyForDeploymentPostprocessing = 0;
		};
/* End PBXSourcesBuildPhase section */

/* Begin PBXVariantGroup section */
		E9AF015F24FDB8DE0058C184 /* LaunchScreen.storyboard */ = {
			isa = PBXVariantGroup;
			children = (
				E9AF016024FDB8DE0058C184 /* Base */,
			);
			name = LaunchScreen.storyboard;
			sourceTree = "<group>";
		};
/* End PBXVariantGroup section */

/* Begin XCBuildConfiguration section */
		E9AF016324FDB8DE0058C184 /* Debug */ = {
			isa = XCBuildConfiguration;
			buildSettings = {
				ALWAYS_SEARCH_USER_PATHS = NO;
				CLANG_ANALYZER_NONNULL = YES;
				CLANG_ANALYZER_NUMBER_OBJECT_CONVERSION = YES_AGGRESSIVE;
				CLANG_CXX_LANGUAGE_STANDARD = "gnu++14";
				CLANG_CXX_LIBRARY = "libc++";
				CLANG_ENABLE_MODULES = YES;
				CLANG_ENABLE_OBJC_ARC = YES;
				CLANG_ENABLE_OBJC_WEAK = YES;
				CLANG_WARN_BLOCK_CAPTURE_AUTORELEASING = YES;
				CLANG_WARN_BOOL_CONVERSION = YES;
				CLANG_WARN_COMMA = YES;
				CLANG_WARN_CONSTANT_CONVERSION = YES;
				CLANG_WARN_DEPRECATED_OBJC_IMPLEMENTATIONS = YES;
				CLANG_WARN_DIRECT_OBJC_ISA_USAGE = YES_ERROR;
				CLANG_WARN_DOCUMENTATION_COMMENTS = YES;
				CLANG_WARN_EMPTY_BODY = YES;
				CLANG_WARN_ENUM_CONVERSION = YES;
				CLANG_WARN_INFINITE_RECURSION = YES;
				CLANG_WARN_INT_CONVERSION = YES;
				CLANG_WARN_NON_LITERAL_NULL_CONVERSION = YES;
				CLANG_WARN_OBJC_IMPLICIT_RETAIN_SELF = YES;
				CLANG_WARN_OBJC_LITERAL_CONVERSION = YES;
				CLANG_WARN_OBJC_ROOT_CLASS = YES_ERROR;
				CLANG_WARN_QUOTED_INCLUDE_IN_FRAMEWORK_HEADER = YES;
				CLANG_WARN_RANGE_LOOP_ANALYSIS = YES;
				CLANG_WARN_STRICT_PROTOTYPES = YES;
				CLANG_WARN_SUSPICIOUS_MOVE = YES;
				CLANG_WARN_UNGUARDED_AVAILABILITY = YES_AGGRESSIVE;
				CLANG_WARN_UNREACHABLE_CODE = YES;
				CLANG_WARN__DUPLICATE_METHOD_MATCH = YES;
				COPY_PHASE_STRIP = NO;
				DEBUG_INFORMATION_FORMAT = dwarf;
				ENABLE_STRICT_OBJC_MSGSEND = YES;
				ENABLE_TESTABILITY = YES;
				GCC_C_LANGUAGE_STANDARD = gnu11;
				GCC_DYNAMIC_NO_PIC = NO;
				GCC_NO_COMMON_BLOCKS = YES;
				GCC_OPTIMIZATION_LEVEL = 0;
				GCC_PREPROCESSOR_DEFINITIONS = (
					"DEBUG=1",
					"$(inherited)",
				);
				GCC_WARN_64_TO_32_BIT_CONVERSION = YES;
				GCC_WARN_ABOUT_RETURN_TYPE = YES_ERROR;
				GCC_WARN_UNDECLARED_SELECTOR = YES;
				GCC_WARN_UNINITIALIZED_AUTOS = YES_AGGRESSIVE;
				GCC_WARN_UNUSED_FUNCTION = YES;
				GCC_WARN_UNUSED_VARIABLE = YES;
				IPHONEOS_DEPLOYMENT_TARGET = 14.0;
				MTL_ENABLE_DEBUG_INFO = INCLUDE_SOURCE;
				MTL_FAST_MATH = YES;
				ONLY_ACTIVE_ARCH = YES;
				SDKROOT = iphoneos;
				SWIFT_ACTIVE_COMPILATION_CONDITIONS = DEBUG;
				SWIFT_OPTIMIZATION_LEVEL = "-Onone";
				TARGETED_DEVICE_FAMILY = "1,2";
			};
			name = Debug;
		};
		E9AF016424FDB8DE0058C184 /* Release */ = {
			isa = XCBuildConfiguration;
			buildSettings = {
				ALWAYS_SEARCH_USER_PATHS = NO;
				CLANG_ANALYZER_NONNULL = YES;
				CLANG_ANALYZER_NUMBER_OBJECT_CONVERSION = YES_AGGRESSIVE;
				CLANG_CXX_LANGUAGE_STANDARD = "gnu++14";
				CLANG_CXX_LIBRARY = "libc++";
				CLANG_ENABLE_MODULES = YES;
				CLANG_ENABLE_OBJC_ARC = YES;
				CLANG_ENABLE_OBJC_WEAK = YES;
				CLANG_WARN_BLOCK_CAPTURE_AUTORELEASING = YES;
				CLANG_WARN_BOOL_CONVERSION = YES;
				CLANG_WARN_COMMA = YES;
				CLANG_WARN_CONSTANT_CONVERSION = YES;
				CLANG_WARN_DEPRECATED_OBJC_IMPLEMENTATIONS = YES;
				CLANG_WARN_DIRECT_OBJC_ISA_USAGE = YES_ERROR;
				CLANG_WARN_DOCUMENTATION_COMMENTS = YES;
				CLANG_WARN_EMPTY_BODY = YES;
				CLANG_WARN_ENUM_CONVERSION = YES;
				CLANG_WARN_INFINITE_RECURSION = YES;
				CLANG_WARN_INT_CONVERSION = YES;
				CLANG_WARN_NON_LITERAL_NULL_CONVERSION = YES;
				CLANG_WARN_OBJC_IMPLICIT_RETAIN_SELF = YES;
				CLANG_WARN_OBJC_LITERAL_CONVERSION = YES;
				CLANG_WARN_OBJC_ROOT_CLASS = YES_ERROR;
				CLANG_WARN_QUOTED_INCLUDE_IN_FRAMEWORK_HEADER = YES;
				CLANG_WARN_RANGE_LOOP_ANALYSIS = YES;
				CLANG_WARN_STRICT_PROTOTYPES = YES;
				CLANG_WARN_SUSPICIOUS_MOVE = YES;
				CLANG_WARN_UNGUARDED_AVAILABILITY = YES_AGGRESSIVE;
				CLANG_WARN_UNREACHABLE_CODE = YES;
				CLANG_WARN__DUPLICATE_METHOD_MATCH = YES;
				COPY_PHASE_STRIP = NO;
				DEBUG_INFORMATION_FORMAT = "dwarf-with-dsym";
				ENABLE_NS_ASSERTIONS = NO;
				ENABLE_STRICT_OBJC_MSGSEND = YES;
				GCC_C_LANGUAGE_STANDARD = gnu11;
				GCC_NO_COMMON_BLOCKS = YES;
				GCC_WARN_64_TO_32_BIT_CONVERSION = YES;
				GCC_WARN_ABOUT_RETURN_TYPE = YES_ERROR;
				GCC_WARN_UNDECLARED_SELECTOR = YES;
				GCC_WARN_UNINITIALIZED_AUTOS = YES_AGGRESSIVE;
				GCC_WARN_UNUSED_FUNCTION = YES;
				GCC_WARN_UNUSED_VARIABLE = YES;
				IPHONEOS_DEPLOYMENT_TARGET = 14.0;
				MTL_ENABLE_DEBUG_INFO = NO;
				MTL_FAST_MATH = YES;
				ONLY_ACTIVE_ARCH = YES;
				SDKROOT = iphoneos;
				SWIFT_COMPILATION_MODE = wholemodule;
				SWIFT_OPTIMIZATION_LEVEL = "-O";
				TARGETED_DEVICE_FAMILY = "1,2";
				VALIDATE_PRODUCT = YES;
			};
			name = Release;
		};
		E9AF016624FDB8DE0058C184 /* Debug */ = {
			isa = XCBuildConfiguration;
			buildSettings = {
				ASSETCATALOG_COMPILER_APPICON_NAME = AppIcon;
				ASSETCATALOG_COMPILER_GLOBAL_ACCENT_COLOR_NAME = AccentColor;
				CODE_SIGN_ENTITLEMENTS = Blaze/Blaze.entitlements;
				CODE_SIGN_STYLE = Automatic;
				CURRENT_PROJECT_VERSION = 39;
				DEVELOPMENT_ASSET_PATHS = "\"Blaze/Preview Content\"";
				DEVELOPMENT_TEAM = C4DBP4HKWQ;
				ENABLE_PREVIEWS = YES;
				EXCLUDED_ARCHS = "";
				INFOPLIST_FILE = Blaze/Info.plist;
				IPHONEOS_DEPLOYMENT_TARGET = 16.4;
				LD_RUNPATH_SEARCH_PATHS = (
					"$(inherited)",
					"@executable_path/Frameworks",
				);
				MARKETING_VERSION = 3.0;
				NEW_SETTING = "";
				ONLY_ACTIVE_ARCH = YES;
				PRODUCT_BUNDLE_IDENTIFIER = com.simplycode.Blaze;
				PRODUCT_NAME = "$(TARGET_NAME)";
				SUPPORTED_PLATFORMS = "iphoneos iphonesimulator";
				SUPPORTS_MACCATALYST = NO;
				SUPPORTS_MAC_DESIGNED_FOR_IPHONE_IPAD = NO;
				SWIFT_VERSION = 5.0;
				TARGETED_DEVICE_FAMILY = 1;
			};
			name = Debug;
		};
		E9AF016724FDB8DE0058C184 /* Release */ = {
			isa = XCBuildConfiguration;
			buildSettings = {
				ASSETCATALOG_COMPILER_APPICON_NAME = AppIcon;
				ASSETCATALOG_COMPILER_GLOBAL_ACCENT_COLOR_NAME = AccentColor;
				CODE_SIGN_ENTITLEMENTS = Blaze/Blaze.entitlements;
				"CODE_SIGN_IDENTITY[sdk=macosx*]" = "Apple Development";
				CODE_SIGN_STYLE = Automatic;
				CURRENT_PROJECT_VERSION = 39;
				DEVELOPMENT_ASSET_PATHS = "\"Blaze/Preview Content\"";
				DEVELOPMENT_TEAM = C4DBP4HKWQ;
				ENABLE_PREVIEWS = YES;
				EXCLUDED_ARCHS = "";
				INFOPLIST_FILE = Blaze/Info.plist;
				IPHONEOS_DEPLOYMENT_TARGET = 16.4;
				LD_RUNPATH_SEARCH_PATHS = (
					"$(inherited)",
					"@executable_path/Frameworks",
				);
				MARKETING_VERSION = 3.0;
				NEW_SETTING = "";
				ONLY_ACTIVE_ARCH = YES;
				PRODUCT_BUNDLE_IDENTIFIER = com.simplycode.Blaze;
				PRODUCT_NAME = "$(TARGET_NAME)";
				SUPPORTED_PLATFORMS = "iphoneos iphonesimulator";
				SUPPORTS_MACCATALYST = NO;
				SUPPORTS_MAC_DESIGNED_FOR_IPHONE_IPAD = NO;
				SWIFT_VERSION = 5.0;
				TARGETED_DEVICE_FAMILY = 1;
			};
			name = Release;
		};
/* End XCBuildConfiguration section */

/* Begin XCConfigurationList section */
		E9AF014C24FDB8DD0058C184 /* Build configuration list for PBXProject "Blaze" */ = {
			isa = XCConfigurationList;
			buildConfigurations = (
				E9AF016324FDB8DE0058C184 /* Debug */,
				E9AF016424FDB8DE0058C184 /* Release */,
			);
			defaultConfigurationIsVisible = 0;
			defaultConfigurationName = Release;
		};
		E9AF016524FDB8DE0058C184 /* Build configuration list for PBXNativeTarget "Blaze" */ = {
			isa = XCConfigurationList;
			buildConfigurations = (
				E9AF016624FDB8DE0058C184 /* Debug */,
				E9AF016724FDB8DE0058C184 /* Release */,
			);
			defaultConfigurationIsVisible = 0;
			defaultConfigurationName = Release;
		};
/* End XCConfigurationList section */

/* Begin XCRemoteSwiftPackageReference section */
		E90CE1AF2538F93C00217B94 /* XCRemoteSwiftPackageReference "BetterSafariView" */ = {
			isa = XCRemoteSwiftPackageReference;
			repositoryURL = "https://github.com/stleamist/BetterSafariView.git";
			requirement = {
				branch = main;
				kind = branch;
			};
		};
		E94589FF254E27F20067BFE8 /* XCRemoteSwiftPackageReference "Fuzi" */ = {
			isa = XCRemoteSwiftPackageReference;
			repositoryURL = "https://github.com/cezheng/Fuzi.git";
			requirement = {
				kind = upToNextMajorVersion;
				minimumVersion = 3.1.2;
			};
		};
		E9AF019324FDEC700058C184 /* XCRemoteSwiftPackageReference "FeedKit" */ = {
			isa = XCRemoteSwiftPackageReference;
			repositoryURL = "https://github.com/nmdias/FeedKit";
			requirement = {
				kind = upToNextMajorVersion;
				minimumVersion = 9.1.2;
			};
		};
/* End XCRemoteSwiftPackageReference section */

/* Begin XCSwiftPackageProductDependency section */
		E90CE1B02538F93C00217B94 /* BetterSafariView */ = {
			isa = XCSwiftPackageProductDependency;
			package = E90CE1AF2538F93C00217B94 /* XCRemoteSwiftPackageReference "BetterSafariView" */;
			productName = BetterSafariView;
		};
		E9458A00254E27F20067BFE8 /* Fuzi */ = {
			isa = XCSwiftPackageProductDependency;
			package = E94589FF254E27F20067BFE8 /* XCRemoteSwiftPackageReference "Fuzi" */;
			productName = Fuzi;
		};
		E9AF019424FDEC700058C184 /* FeedKit */ = {
			isa = XCSwiftPackageProductDependency;
			package = E9AF019324FDEC700058C184 /* XCRemoteSwiftPackageReference "FeedKit" */;
			productName = FeedKit;
		};
/* End XCSwiftPackageProductDependency section */
	};
	rootObject = E9AF014924FDB8DD0058C184 /* Project object */;
}
