// !$*UTF8*$!
{
	archiveVersion = 1;
	classes = {
	};
	objectVersion = 52;
	objects = {

/* Begin PBXBuildFile section */
		E9AF015524FDB8DD0058C184 /* AppDelegate.swift in Sources */ = {isa = PBXBuildFile; fileRef = E9AF015424FDB8DD0058C184 /* AppDelegate.swift */; };
		E9AF015724FDB8DD0058C184 /* SceneDelegate.swift in Sources */ = {isa = PBXBuildFile; fileRef = E9AF015624FDB8DD0058C184 /* SceneDelegate.swift */; };
		E9AF015924FDB8DD0058C184 /* ContentView.swift in Sources */ = {isa = PBXBuildFile; fileRef = E9AF015824FDB8DD0058C184 /* ContentView.swift */; };
		E9AF015B24FDB8DE0058C184 /* Assets.xcassets in Resources */ = {isa = PBXBuildFile; fileRef = E9AF015A24FDB8DE0058C184 /* Assets.xcassets */; };
		E9AF015E24FDB8DE0058C184 /* Preview Assets.xcassets in Resources */ = {isa = PBXBuildFile; fileRef = E9AF015D24FDB8DE0058C184 /* Preview Assets.xcassets */; };
		E9AF016124FDB8DE0058C184 /* LaunchScreen.storyboard in Resources */ = {isa = PBXBuildFile; fileRef = E9AF015F24FDB8DE0058C184 /* LaunchScreen.storyboard */; };
		E9AF016A24FDBBEB0058C184 /* FiresView.swift in Sources */ = {isa = PBXBuildFile; fileRef = E9AF016924FDBBEB0058C184 /* FiresView.swift */; };
		E9AF016C24FDBBF80058C184 /* SettingsView.swift in Sources */ = {isa = PBXBuildFile; fileRef = E9AF016B24FDBBF80058C184 /* SettingsView.swift */; };
		E9AF016E24FDBC090058C184 /* NewsView.swift in Sources */ = {isa = PBXBuildFile; fileRef = E9AF016D24FDBC090058C184 /* NewsView.swift */; };
		E9AF017124FDBC290058C184 /* NewsBackend.swift in Sources */ = {isa = PBXBuildFile; fileRef = E9AF017024FDBC290058C184 /* NewsBackend.swift */; };
		E9AF017424FDBC870058C184 /* News.swift in Sources */ = {isa = PBXBuildFile; fileRef = E9AF017324FDBC870058C184 /* News.swift */; };
		E9AF017724FDBEBC0058C184 /* ModalView in Frameworks */ = {isa = PBXBuildFile; productRef = E9AF017624FDBEBC0058C184 /* ModalView */; };
		E9AF017F24FDC19D0058C184 /* URLImage in Frameworks */ = {isa = PBXBuildFile; productRef = E9AF017E24FDC19D0058C184 /* URLImage */; };
		E9AF018224FDC1B90058C184 /* Down in Frameworks */ = {isa = PBXBuildFile; productRef = E9AF018124FDC1B90058C184 /* Down */; };
		E9AF018424FDC3800058C184 /* NewsCard.swift in Sources */ = {isa = PBXBuildFile; fileRef = E9AF018324FDC3800058C184 /* NewsCard.swift */; };
		E9AF018D24FDD6FD0058C184 /* SwiftUIPullToRefresh in Frameworks */ = {isa = PBXBuildFile; productRef = E9AF018C24FDD6FD0058C184 /* SwiftUIPullToRefresh */; };
		E9AF018F24FDDE370058C184 /* NewsArticleView.swift in Sources */ = {isa = PBXBuildFile; fileRef = E9AF018E24FDDE370058C184 /* NewsArticleView.swift */; };
		E9AF019224FDE5EF0058C184 /* CloseModalButton.swift in Sources */ = {isa = PBXBuildFile; fileRef = E9AF019124FDE5EF0058C184 /* CloseModalButton.swift */; };
		E9AF019524FDEC700058C184 /* FeedKit in Frameworks */ = {isa = PBXBuildFile; productRef = E9AF019424FDEC700058C184 /* FeedKit */; };
		E9AF019924FDF0D40058C184 /* ArticleContent.swift in Sources */ = {isa = PBXBuildFile; fileRef = E9AF019824FDF0D40058C184 /* ArticleContent.swift */; };
		E9F222E425005A5700EC5A06 /* FiresBackend.swift in Sources */ = {isa = PBXBuildFile; fileRef = E9F222E325005A5700EC5A06 /* FiresBackend.swift */; };
		E9F222E625005BEB00EC5A06 /* ForestFire.swift in Sources */ = {isa = PBXBuildFile; fileRef = E9F222E525005BEB00EC5A06 /* ForestFire.swift */; };
/* End PBXBuildFile section */

/* Begin PBXFileReference section */
		E9AF015124FDB8DD0058C184 /* Blaze.app */ = {isa = PBXFileReference; explicitFileType = wrapper.application; includeInIndex = 0; path = Blaze.app; sourceTree = BUILT_PRODUCTS_DIR; };
		E9AF015424FDB8DD0058C184 /* AppDelegate.swift */ = {isa = PBXFileReference; lastKnownFileType = sourcecode.swift; path = AppDelegate.swift; sourceTree = "<group>"; };
		E9AF015624FDB8DD0058C184 /* SceneDelegate.swift */ = {isa = PBXFileReference; lastKnownFileType = sourcecode.swift; path = SceneDelegate.swift; sourceTree = "<group>"; };
		E9AF015824FDB8DD0058C184 /* ContentView.swift */ = {isa = PBXFileReference; lastKnownFileType = sourcecode.swift; path = ContentView.swift; sourceTree = "<group>"; };
		E9AF015A24FDB8DE0058C184 /* Assets.xcassets */ = {isa = PBXFileReference; lastKnownFileType = folder.assetcatalog; path = Assets.xcassets; sourceTree = "<group>"; };
		E9AF015D24FDB8DE0058C184 /* Preview Assets.xcassets */ = {isa = PBXFileReference; lastKnownFileType = folder.assetcatalog; path = "Preview Assets.xcassets"; sourceTree = "<group>"; };
		E9AF016024FDB8DE0058C184 /* Base */ = {isa = PBXFileReference; lastKnownFileType = file.storyboard; name = Base; path = Base.lproj/LaunchScreen.storyboard; sourceTree = "<group>"; };
		E9AF016224FDB8DE0058C184 /* Info.plist */ = {isa = PBXFileReference; lastKnownFileType = text.plist.xml; path = Info.plist; sourceTree = "<group>"; };
		E9AF016924FDBBEB0058C184 /* FiresView.swift */ = {isa = PBXFileReference; lastKnownFileType = sourcecode.swift; path = FiresView.swift; sourceTree = "<group>"; };
		E9AF016B24FDBBF80058C184 /* SettingsView.swift */ = {isa = PBXFileReference; lastKnownFileType = sourcecode.swift; path = SettingsView.swift; sourceTree = "<group>"; };
		E9AF016D24FDBC090058C184 /* NewsView.swift */ = {isa = PBXFileReference; lastKnownFileType = sourcecode.swift; path = NewsView.swift; sourceTree = "<group>"; };
		E9AF017024FDBC290058C184 /* NewsBackend.swift */ = {isa = PBXFileReference; lastKnownFileType = sourcecode.swift; path = NewsBackend.swift; sourceTree = "<group>"; };
		E9AF017324FDBC870058C184 /* News.swift */ = {isa = PBXFileReference; lastKnownFileType = sourcecode.swift; path = News.swift; sourceTree = "<group>"; };
		E9AF018324FDC3800058C184 /* NewsCard.swift */ = {isa = PBXFileReference; lastKnownFileType = sourcecode.swift; path = NewsCard.swift; sourceTree = "<group>"; };
		E9AF018E24FDDE370058C184 /* NewsArticleView.swift */ = {isa = PBXFileReference; lastKnownFileType = sourcecode.swift; path = NewsArticleView.swift; sourceTree = "<group>"; usesTabs = 0; };
		E9AF019124FDE5EF0058C184 /* CloseModalButton.swift */ = {isa = PBXFileReference; lastKnownFileType = sourcecode.swift; path = CloseModalButton.swift; sourceTree = "<group>"; };
		E9AF019824FDF0D40058C184 /* ArticleContent.swift */ = {isa = PBXFileReference; lastKnownFileType = sourcecode.swift; path = ArticleContent.swift; sourceTree = "<group>"; };
		E9F222E325005A5700EC5A06 /* FiresBackend.swift */ = {isa = PBXFileReference; lastKnownFileType = sourcecode.swift; path = FiresBackend.swift; sourceTree = "<group>"; };
		E9F222E525005BEB00EC5A06 /* ForestFire.swift */ = {isa = PBXFileReference; lastKnownFileType = sourcecode.swift; path = ForestFire.swift; sourceTree = "<group>"; };
/* End PBXFileReference section */

/* Begin PBXFrameworksBuildPhase section */
		E9AF014E24FDB8DD0058C184 /* Frameworks */ = {
			isa = PBXFrameworksBuildPhase;
			buildActionMask = 2147483647;
			files = (
				E9AF017F24FDC19D0058C184 /* URLImage in Frameworks */,
				E9AF019524FDEC700058C184 /* FeedKit in Frameworks */,
				E9AF017724FDBEBC0058C184 /* ModalView in Frameworks */,
				E9AF018D24FDD6FD0058C184 /* SwiftUIPullToRefresh in Frameworks */,
				E9AF018224FDC1B90058C184 /* Down in Frameworks */,
			);
			runOnlyForDeploymentPostprocessing = 0;
		};
/* End PBXFrameworksBuildPhase section */

/* Begin PBXGroup section */
		E9AF014824FDB8DD0058C184 = {
			isa = PBXGroup;
			children = (
				E9AF015324FDB8DD0058C184 /* Blaze */,
				E9AF015224FDB8DD0058C184 /* Products */,
			);
			sourceTree = "<group>";
		};
		E9AF015224FDB8DD0058C184 /* Products */ = {
			isa = PBXGroup;
			children = (
				E9AF015124FDB8DD0058C184 /* Blaze.app */,
			);
			name = Products;
			sourceTree = "<group>";
		};
		E9AF015324FDB8DD0058C184 /* Blaze */ = {
			isa = PBXGroup;
			children = (
				E9AF019024FDE5DF0058C184 /* Elements */,
				E9AF017224FDBC7B0058C184 /* Classes */,
				E9AF016F24FDBC120058C184 /* Backend */,
				E9AF016824FDBBDA0058C184 /* Views */,
				E9AF015424FDB8DD0058C184 /* AppDelegate.swift */,
				E9AF015624FDB8DD0058C184 /* SceneDelegate.swift */,
				E9AF015824FDB8DD0058C184 /* ContentView.swift */,
				E9AF015A24FDB8DE0058C184 /* Assets.xcassets */,
				E9AF015F24FDB8DE0058C184 /* LaunchScreen.storyboard */,
				E9AF016224FDB8DE0058C184 /* Info.plist */,
				E9AF015C24FDB8DE0058C184 /* Preview Content */,
			);
			path = Blaze;
			sourceTree = "<group>";
		};
		E9AF015C24FDB8DE0058C184 /* Preview Content */ = {
			isa = PBXGroup;
			children = (
				E9AF015D24FDB8DE0058C184 /* Preview Assets.xcassets */,
			);
			path = "Preview Content";
			sourceTree = "<group>";
		};
		E9AF016824FDBBDA0058C184 /* Views */ = {
			isa = PBXGroup;
			children = (
				E9AF017B24FDC0E20058C184 /* News */,
				E9AF017A24FDC0DC0058C184 /* Settings */,
				E9AF017824FDC0BF0058C184 /* Fires */,
			);
			path = Views;
			sourceTree = "<group>";
		};
		E9AF016F24FDBC120058C184 /* Backend */ = {
			isa = PBXGroup;
			children = (
				E9AF017024FDBC290058C184 /* NewsBackend.swift */,
				E9F222E325005A5700EC5A06 /* FiresBackend.swift */,
			);
			path = Backend;
			sourceTree = "<group>";
		};
		E9AF017224FDBC7B0058C184 /* Classes */ = {
			isa = PBXGroup;
			children = (
				E9AF017324FDBC870058C184 /* News.swift */,
				E9F222E525005BEB00EC5A06 /* ForestFire.swift */,
			);
			path = Classes;
			sourceTree = "<group>";
		};
		E9AF017824FDC0BF0058C184 /* Fires */ = {
			isa = PBXGroup;
			children = (
				E9AF016924FDBBEB0058C184 /* FiresView.swift */,
			);
			path = Fires;
			sourceTree = "<group>";
		};
		E9AF017A24FDC0DC0058C184 /* Settings */ = {
			isa = PBXGroup;
			children = (
				E9AF016B24FDBBF80058C184 /* SettingsView.swift */,
			);
			path = Settings;
			sourceTree = "<group>";
		};
		E9AF017B24FDC0E20058C184 /* News */ = {
			isa = PBXGroup;
			children = (
				E9AF016D24FDBC090058C184 /* NewsView.swift */,
				E9AF018324FDC3800058C184 /* NewsCard.swift */,
				E9AF018E24FDDE370058C184 /* NewsArticleView.swift */,
			);
			path = News;
			sourceTree = "<group>";
		};
		E9AF019024FDE5DF0058C184 /* Elements */ = {
			isa = PBXGroup;
			children = (
				E9AF019124FDE5EF0058C184 /* CloseModalButton.swift */,
				E9AF019824FDF0D40058C184 /* ArticleContent.swift */,
			);
			path = Elements;
			sourceTree = "<group>";
		};
/* End PBXGroup section */

/* Begin PBXNativeTarget section */
		E9AF015024FDB8DD0058C184 /* Blaze */ = {
			isa = PBXNativeTarget;
			buildConfigurationList = E9AF016524FDB8DE0058C184 /* Build configuration list for PBXNativeTarget "Blaze" */;
			buildPhases = (
				E9AF014D24FDB8DD0058C184 /* Sources */,
				E9AF014E24FDB8DD0058C184 /* Frameworks */,
				E9AF014F24FDB8DD0058C184 /* Resources */,
			);
			buildRules = (
			);
			dependencies = (
			);
			name = Blaze;
			packageProductDependencies = (
				E9AF017624FDBEBC0058C184 /* ModalView */,
				E9AF017E24FDC19D0058C184 /* URLImage */,
				E9AF018124FDC1B90058C184 /* Down */,
				E9AF018C24FDD6FD0058C184 /* SwiftUIPullToRefresh */,
				E9AF019424FDEC700058C184 /* FeedKit */,
			);
			productName = Blaze;
			productReference = E9AF015124FDB8DD0058C184 /* Blaze.app */;
			productType = "com.apple.product-type.application";
		};
/* End PBXNativeTarget section */

/* Begin PBXProject section */
		E9AF014924FDB8DD0058C184 /* Project object */ = {
			isa = PBXProject;
			attributes = {
				LastSwiftUpdateCheck = 1200;
				LastUpgradeCheck = 1200;
				TargetAttributes = {
					E9AF015024FDB8DD0058C184 = {
						CreatedOnToolsVersion = 12.0;
					};
				};
			};
			buildConfigurationList = E9AF014C24FDB8DD0058C184 /* Build configuration list for PBXProject "Blaze" */;
			compatibilityVersion = "Xcode 9.3";
			developmentRegion = en;
			hasScannedForEncodings = 0;
			knownRegions = (
				en,
				Base,
			);
			mainGroup = E9AF014824FDB8DD0058C184;
			packageReferences = (
				E9AF017524FDBEBC0058C184 /* XCRemoteSwiftPackageReference "modal-view" */,
				E9AF017D24FDC19D0058C184 /* XCRemoteSwiftPackageReference "url-image" */,
				E9AF018024FDC1B90058C184 /* XCRemoteSwiftPackageReference "Down" */,
				E9AF018B24FDD6FD0058C184 /* XCRemoteSwiftPackageReference "SwiftUI-PullToRefresh" */,
				E9AF019324FDEC700058C184 /* XCRemoteSwiftPackageReference "FeedKit" */,
			);
			productRefGroup = E9AF015224FDB8DD0058C184 /* Products */;
			projectDirPath = "";
			projectRoot = "";
			targets = (
				E9AF015024FDB8DD0058C184 /* Blaze */,
			);
		};
/* End PBXProject section */

/* Begin PBXResourcesBuildPhase section */
		E9AF014F24FDB8DD0058C184 /* Resources */ = {
			isa = PBXResourcesBuildPhase;
			buildActionMask = 2147483647;
			files = (
				E9AF016124FDB8DE0058C184 /* LaunchScreen.storyboard in Resources */,
				E9AF015E24FDB8DE0058C184 /* Preview Assets.xcassets in Resources */,
				E9AF015B24FDB8DE0058C184 /* Assets.xcassets in Resources */,
			);
			runOnlyForDeploymentPostprocessing = 0;
		};
/* End PBXResourcesBuildPhase section */

/* Begin PBXSourcesBuildPhase section */
		E9AF014D24FDB8DD0058C184 /* Sources */ = {
			isa = PBXSourcesBuildPhase;
			buildActionMask = 2147483647;
			files = (
				E9F222E425005A5700EC5A06 /* FiresBackend.swift in Sources */,
				E9AF018424FDC3800058C184 /* NewsCard.swift in Sources */,
				E9AF016C24FDBBF80058C184 /* SettingsView.swift in Sources */,
				E9AF015524FDB8DD0058C184 /* AppDelegate.swift in Sources */,
				E9AF017424FDBC870058C184 /* News.swift in Sources */,
				E9AF017124FDBC290058C184 /* NewsBackend.swift in Sources */,
				E9AF015724FDB8DD0058C184 /* SceneDelegate.swift in Sources */,
				E9AF019924FDF0D40058C184 /* ArticleContent.swift in Sources */,
				E9F222E625005BEB00EC5A06 /* ForestFire.swift in Sources */,
				E9AF018F24FDDE370058C184 /* NewsArticleView.swift in Sources */,
				E9AF016E24FDBC090058C184 /* NewsView.swift in Sources */,
				E9AF016A24FDBBEB0058C184 /* FiresView.swift in Sources */,
				E9AF019224FDE5EF0058C184 /* CloseModalButton.swift in Sources */,
				E9AF015924FDB8DD0058C184 /* ContentView.swift in Sources */,
			);
			runOnlyForDeploymentPostprocessing = 0;
		};
/* End PBXSourcesBuildPhase section */

/* Begin PBXVariantGroup section */
		E9AF015F24FDB8DE0058C184 /* LaunchScreen.storyboard */ = {
			isa = PBXVariantGroup;
			children = (
				E9AF016024FDB8DE0058C184 /* Base */,
			);
			name = LaunchScreen.storyboard;
			sourceTree = "<group>";
		};
/* End PBXVariantGroup section */

/* Begin XCBuildConfiguration section */
		E9AF016324FDB8DE0058C184 /* Debug */ = {
			isa = XCBuildConfiguration;
			buildSettings = {
				ALWAYS_SEARCH_USER_PATHS = NO;
				CLANG_ANALYZER_NONNULL = YES;
				CLANG_ANALYZER_NUMBER_OBJECT_CONVERSION = YES_AGGRESSIVE;
				CLANG_CXX_LANGUAGE_STANDARD = "gnu++14";
				CLANG_CXX_LIBRARY = "libc++";
				CLANG_ENABLE_MODULES = YES;
				CLANG_ENABLE_OBJC_ARC = YES;
				CLANG_ENABLE_OBJC_WEAK = YES;
				CLANG_WARN_BLOCK_CAPTURE_AUTORELEASING = YES;
				CLANG_WARN_BOOL_CONVERSION = YES;
				CLANG_WARN_COMMA = YES;
				CLANG_WARN_CONSTANT_CONVERSION = YES;
				CLANG_WARN_DEPRECATED_OBJC_IMPLEMENTATIONS = YES;
				CLANG_WARN_DIRECT_OBJC_ISA_USAGE = YES_ERROR;
				CLANG_WARN_DOCUMENTATION_COMMENTS = YES;
				CLANG_WARN_EMPTY_BODY = YES;
				CLANG_WARN_ENUM_CONVERSION = YES;
				CLANG_WARN_INFINITE_RECURSION = YES;
				CLANG_WARN_INT_CONVERSION = YES;
				CLANG_WARN_NON_LITERAL_NULL_CONVERSION = YES;
				CLANG_WARN_OBJC_IMPLICIT_RETAIN_SELF = YES;
				CLANG_WARN_OBJC_LITERAL_CONVERSION = YES;
				CLANG_WARN_OBJC_ROOT_CLASS = YES_ERROR;
				CLANG_WARN_QUOTED_INCLUDE_IN_FRAMEWORK_HEADER = YES;
				CLANG_WARN_RANGE_LOOP_ANALYSIS = YES;
				CLANG_WARN_STRICT_PROTOTYPES = YES;
				CLANG_WARN_SUSPICIOUS_MOVE = YES;
				CLANG_WARN_UNGUARDED_AVAILABILITY = YES_AGGRESSIVE;
				CLANG_WARN_UNREACHABLE_CODE = YES;
				CLANG_WARN__DUPLICATE_METHOD_MATCH = YES;
				COPY_PHASE_STRIP = NO;
				DEBUG_INFORMATION_FORMAT = dwarf;
				ENABLE_STRICT_OBJC_MSGSEND = YES;
				ENABLE_TESTABILITY = YES;
				GCC_C_LANGUAGE_STANDARD = gnu11;
				GCC_DYNAMIC_NO_PIC = NO;
				GCC_NO_COMMON_BLOCKS = YES;
				GCC_OPTIMIZATION_LEVEL = 0;
				GCC_PREPROCESSOR_DEFINITIONS = (
					"DEBUG=1",
					"$(inherited)",
				);
				GCC_WARN_64_TO_32_BIT_CONVERSION = YES;
				GCC_WARN_ABOUT_RETURN_TYPE = YES_ERROR;
				GCC_WARN_UNDECLARED_SELECTOR = YES;
				GCC_WARN_UNINITIALIZED_AUTOS = YES_AGGRESSIVE;
				GCC_WARN_UNUSED_FUNCTION = YES;
				GCC_WARN_UNUSED_VARIABLE = YES;
				IPHONEOS_DEPLOYMENT_TARGET = 13.5;
				MTL_ENABLE_DEBUG_INFO = INCLUDE_SOURCE;
				MTL_FAST_MATH = YES;
				ONLY_ACTIVE_ARCH = YES;
				SDKROOT = iphoneos;
				SWIFT_ACTIVE_COMPILATION_CONDITIONS = DEBUG;
				SWIFT_OPTIMIZATION_LEVEL = "-Onone";
			};
			name = Debug;
		};
		E9AF016424FDB8DE0058C184 /* Release */ = {
			isa = XCBuildConfiguration;
			buildSettings = {
				ALWAYS_SEARCH_USER_PATHS = NO;
				CLANG_ANALYZER_NONNULL = YES;
				CLANG_ANALYZER_NUMBER_OBJECT_CONVERSION = YES_AGGRESSIVE;
				CLANG_CXX_LANGUAGE_STANDARD = "gnu++14";
				CLANG_CXX_LIBRARY = "libc++";
				CLANG_ENABLE_MODULES = YES;
				CLANG_ENABLE_OBJC_ARC = YES;
				CLANG_ENABLE_OBJC_WEAK = YES;
				CLANG_WARN_BLOCK_CAPTURE_AUTORELEASING = YES;
				CLANG_WARN_BOOL_CONVERSION = YES;
				CLANG_WARN_COMMA = YES;
				CLANG_WARN_CONSTANT_CONVERSION = YES;
				CLANG_WARN_DEPRECATED_OBJC_IMPLEMENTATIONS = YES;
				CLANG_WARN_DIRECT_OBJC_ISA_USAGE = YES_ERROR;
				CLANG_WARN_DOCUMENTATION_COMMENTS = YES;
				CLANG_WARN_EMPTY_BODY = YES;
				CLANG_WARN_ENUM_CONVERSION = YES;
				CLANG_WARN_INFINITE_RECURSION = YES;
				CLANG_WARN_INT_CONVERSION = YES;
				CLANG_WARN_NON_LITERAL_NULL_CONVERSION = YES;
				CLANG_WARN_OBJC_IMPLICIT_RETAIN_SELF = YES;
				CLANG_WARN_OBJC_LITERAL_CONVERSION = YES;
				CLANG_WARN_OBJC_ROOT_CLASS = YES_ERROR;
				CLANG_WARN_QUOTED_INCLUDE_IN_FRAMEWORK_HEADER = YES;
				CLANG_WARN_RANGE_LOOP_ANALYSIS = YES;
				CLANG_WARN_STRICT_PROTOTYPES = YES;
				CLANG_WARN_SUSPICIOUS_MOVE = YES;
				CLANG_WARN_UNGUARDED_AVAILABILITY = YES_AGGRESSIVE;
				CLANG_WARN_UNREACHABLE_CODE = YES;
				CLANG_WARN__DUPLICATE_METHOD_MATCH = YES;
				COPY_PHASE_STRIP = NO;
				DEBUG_INFORMATION_FORMAT = "dwarf-with-dsym";
				ENABLE_NS_ASSERTIONS = NO;
				ENABLE_STRICT_OBJC_MSGSEND = YES;
				GCC_C_LANGUAGE_STANDARD = gnu11;
				GCC_NO_COMMON_BLOCKS = YES;
				GCC_WARN_64_TO_32_BIT_CONVERSION = YES;
				GCC_WARN_ABOUT_RETURN_TYPE = YES_ERROR;
				GCC_WARN_UNDECLARED_SELECTOR = YES;
				GCC_WARN_UNINITIALIZED_AUTOS = YES_AGGRESSIVE;
				GCC_WARN_UNUSED_FUNCTION = YES;
				GCC_WARN_UNUSED_VARIABLE = YES;
				IPHONEOS_DEPLOYMENT_TARGET = 13.5;
				MTL_ENABLE_DEBUG_INFO = NO;
				MTL_FAST_MATH = YES;
				SDKROOT = iphoneos;
				SWIFT_COMPILATION_MODE = wholemodule;
				SWIFT_OPTIMIZATION_LEVEL = "-O";
				VALIDATE_PRODUCT = YES;
			};
			name = Release;
		};
		E9AF016624FDB8DE0058C184 /* Debug */ = {
			isa = XCBuildConfiguration;
			buildSettings = {
				ASSETCATALOG_COMPILER_APPICON_NAME = AppIcon;
				ASSETCATALOG_COMPILER_GLOBAL_ACCENT_COLOR_NAME = AccentColor;
				CODE_SIGN_STYLE = Automatic;
				CURRENT_PROJECT_VERSION = 1.1;
				DEVELOPMENT_ASSET_PATHS = "\"Blaze/Preview Content\"";
				DEVELOPMENT_TEAM = C53YYLJPD6;
				ENABLE_PREVIEWS = YES;
				INFOPLIST_FILE = Blaze/Info.plist;
				IPHONEOS_DEPLOYMENT_TARGET = 13.5;
				LD_RUNPATH_SEARCH_PATHS = (
					"$(inherited)",
					"@executable_path/Frameworks",
				);
				PRODUCT_BUNDLE_IDENTIFIER = com.simplycode.Blaze;
				PRODUCT_NAME = "$(TARGET_NAME)";
				SWIFT_VERSION = 5.0;
				TARGETED_DEVICE_FAMILY = 1;
			};
			name = Debug;
		};
		E9AF016724FDB8DE0058C184 /* Release */ = {
			isa = XCBuildConfiguration;
			buildSettings = {
				ASSETCATALOG_COMPILER_APPICON_NAME = AppIcon;
				ASSETCATALOG_COMPILER_GLOBAL_ACCENT_COLOR_NAME = AccentColor;
				CODE_SIGN_STYLE = Automatic;
				CURRENT_PROJECT_VERSION = 1.1;
				DEVELOPMENT_ASSET_PATHS = "\"Blaze/Preview Content\"";
				DEVELOPMENT_TEAM = C53YYLJPD6;
				ENABLE_PREVIEWS = YES;
				INFOPLIST_FILE = Blaze/Info.plist;
				IPHONEOS_DEPLOYMENT_TARGET = 13.5;
				LD_RUNPATH_SEARCH_PATHS = (
					"$(inherited)",
					"@executable_path/Frameworks",
				);
				PRODUCT_BUNDLE_IDENTIFIER = com.simplycode.Blaze;
				PRODUCT_NAME = "$(TARGET_NAME)";
				SWIFT_VERSION = 5.0;
				TARGETED_DEVICE_FAMILY = 1;
			};
			name = Release;
		};
/* End XCBuildConfiguration section */

/* Begin XCConfigurationList section */
		E9AF014C24FDB8DD0058C184 /* Build configuration list for PBXProject "Blaze" */ = {
			isa = XCConfigurationList;
			buildConfigurations = (
				E9AF016324FDB8DE0058C184 /* Debug */,
				E9AF016424FDB8DE0058C184 /* Release */,
			);
			defaultConfigurationIsVisible = 0;
			defaultConfigurationName = Release;
		};
		E9AF016524FDB8DE0058C184 /* Build configuration list for PBXNativeTarget "Blaze" */ = {
			isa = XCConfigurationList;
			buildConfigurations = (
				E9AF016624FDB8DE0058C184 /* Debug */,
				E9AF016724FDB8DE0058C184 /* Release */,
			);
			defaultConfigurationIsVisible = 0;
			defaultConfigurationName = Release;
		};
/* End XCConfigurationList section */

/* Begin XCRemoteSwiftPackageReference section */
		E9AF017524FDBEBC0058C184 /* XCRemoteSwiftPackageReference "modal-view" */ = {
			isa = XCRemoteSwiftPackageReference;
			repositoryURL = "https://github.com/diniska/modal-view";
			requirement = {
				branch = master;
				kind = branch;
			};
		};
		E9AF017D24FDC19D0058C184 /* XCRemoteSwiftPackageReference "url-image" */ = {
			isa = XCRemoteSwiftPackageReference;
			repositoryURL = "https://github.com/dmytro-anokhin/url-image";
			requirement = {
				kind = upToNextMajorVersion;
				minimumVersion = 0.9.19;
			};
		};
		E9AF018024FDC1B90058C184 /* XCRemoteSwiftPackageReference "Down" */ = {
			isa = XCRemoteSwiftPackageReference;
			repositoryURL = "https://github.com/iwasrobbed/Down";
			requirement = {
				kind = upToNextMajorVersion;
				minimumVersion = 0.9.3;
			};
		};
		E9AF018B24FDD6FD0058C184 /* XCRemoteSwiftPackageReference "SwiftUI-PullToRefresh" */ = {
			isa = XCRemoteSwiftPackageReference;
			repositoryURL = "https://github.com/AppPear/SwiftUI-PullToRefresh";
			requirement = {
				branch = master;
				kind = branch;
			};
		};
		E9AF019324FDEC700058C184 /* XCRemoteSwiftPackageReference "FeedKit" */ = {
			isa = XCRemoteSwiftPackageReference;
			repositoryURL = "https://github.com/nmdias/FeedKit";
			requirement = {
				kind = upToNextMajorVersion;
				minimumVersion = 9.1.2;
			};
		};
/* End XCRemoteSwiftPackageReference section */

/* Begin XCSwiftPackageProductDependency section */
		E9AF017624FDBEBC0058C184 /* ModalView */ = {
			isa = XCSwiftPackageProductDependency;
			package = E9AF017524FDBEBC0058C184 /* XCRemoteSwiftPackageReference "modal-view" */;
			productName = ModalView;
		};
		E9AF017E24FDC19D0058C184 /* URLImage */ = {
			isa = XCSwiftPackageProductDependency;
			package = E9AF017D24FDC19D0058C184 /* XCRemoteSwiftPackageReference "url-image" */;
			productName = URLImage;
		};
		E9AF018124FDC1B90058C184 /* Down */ = {
			isa = XCSwiftPackageProductDependency;
			package = E9AF018024FDC1B90058C184 /* XCRemoteSwiftPackageReference "Down" */;
			productName = Down;
		};
		E9AF018C24FDD6FD0058C184 /* SwiftUIPullToRefresh */ = {
			isa = XCSwiftPackageProductDependency;
			package = E9AF018B24FDD6FD0058C184 /* XCRemoteSwiftPackageReference "SwiftUI-PullToRefresh" */;
			productName = SwiftUIPullToRefresh;
		};
		E9AF019424FDEC700058C184 /* FeedKit */ = {
			isa = XCSwiftPackageProductDependency;
			package = E9AF019324FDEC700058C184 /* XCRemoteSwiftPackageReference "FeedKit" */;
			productName = FeedKit;
		};
/* End XCSwiftPackageProductDependency section */
	};
	rootObject = E9AF014924FDB8DD0058C184 /* Project object */;
}
